// !$*UTF8*$!
{
	archiveVersion = 1;
	classes = {
	};
	objectVersion = 55;
	objects = {

/* Begin PBXBuildFile section */
		10808E842D2DACCD0084A7E8 /* AudioPlayerViewModel.swift in Sources */ = {isa = PBXBuildFile; fileRef = 10808E832D2DACCD0084A7E8 /* AudioPlayerViewModel.swift */; };
		1080912E2D2DAFD10084A7E8 /* SFX_CRY_1A.wav in Resources */ = {isa = PBXBuildFile; fileRef = 108090CB2D2DAFD10084A7E8 /* SFX_CRY_1A.wav */; };
		1080912F2D2DAFD10084A7E8 /* SFX_CRY_1E.wav in Resources */ = {isa = PBXBuildFile; fileRef = 108090CF2D2DAFD10084A7E8 /* SFX_CRY_1E.wav */; };
		108091302D2DAFD10084A7E8 /* SFX_SLOTS_NEW_SPIN.wav in Resources */ = {isa = PBXBuildFile; fileRef = 108091122D2DAFD10084A7E8 /* SFX_SLOTS_NEW_SPIN.wav */; };
		108091312D2DAFD10084A7E8 /* SFX_COLLISION.wav in Resources */ = {isa = PBXBuildFile; fileRef = 108090C22D2DAFD10084A7E8 /* SFX_COLLISION.wav */; };
		108091322D2DAFD10084A7E8 /* SFX_SLOTS_STOP_WHEEL.wav in Resources */ = {isa = PBXBuildFile; fileRef = 108091142D2DAFD10084A7E8 /* SFX_SLOTS_STOP_WHEEL.wav */; };
		108091332D2DAFD10084A7E8 /* SFX_CRY_25.wav in Resources */ = {isa = PBXBuildFile; fileRef = 108090E82D2DAFD10084A7E8 /* SFX_CRY_25.wav */; };
		108091342D2DAFD10084A7E8 /* SFX_ARROW_TILES.wav in Resources */ = {isa = PBXBuildFile; fileRef = 108090BE2D2DAFD10084A7E8 /* SFX_ARROW_TILES.wav */; };
		108091352D2DAFD10084A7E8 /* SFX_SAVE.wav in Resources */ = {isa = PBXBuildFile; fileRef = 1080910E2D2DAFD10084A7E8 /* SFX_SAVE.wav */; };
		108091362D2DAFD10084A7E8 /* SFX_GET_ITEM_1.wav in Resources */ = {isa = PBXBuildFile; fileRef = 108090F32D2DAFD10084A7E8 /* SFX_GET_ITEM_1.wav */; };
		108091372D2DAFD10084A7E8 /* SFX_HEAL_UP.wav in Resources */ = {isa = PBXBuildFile; fileRef = 108090F92D2DAFD10084A7E8 /* SFX_HEAL_UP.wav */; };
		108091382D2DAFD10084A7E8 /* SFX_INTRO_CRASH.wav in Resources */ = {isa = PBXBuildFile; fileRef = 108090FB2D2DAFD10084A7E8 /* SFX_INTRO_CRASH.wav */; };
		108091392D2DAFD10084A7E8 /* SFX_CRY_24.wav in Resources */ = {isa = PBXBuildFile; fileRef = 108090E72D2DAFD10084A7E8 /* SFX_CRY_24.wav */; };
		1080913A2D2DAFD10084A7E8 /* SFX_CRY_16.wav in Resources */ = {isa = PBXBuildFile; fileRef = 108090DF2D2DAFD10084A7E8 /* SFX_CRY_16.wav */; };
		1080913B2D2DAFD10084A7E8 /* SFX_CRY_1F.wav in Resources */ = {isa = PBXBuildFile; fileRef = 108090D02D2DAFD10084A7E8 /* SFX_CRY_1F.wav */; };
		1080913C2D2DAFD10084A7E8 /* SFX_TELEPORT_EXIT_1.wav in Resources */ = {isa = PBXBuildFile; fileRef = 108091242D2DAFD10084A7E8 /* SFX_TELEPORT_EXIT_1.wav */; };
		1080913D2D2DAFD10084A7E8 /* SFX_SNARE_4.wav in Resources */ = {isa = PBXBuildFile; fileRef = 108091182D2DAFD10084A7E8 /* SFX_SNARE_4.wav */; };
		1080913E2D2DAFD10084A7E8 /* SFX_CRY_1B.wav in Resources */ = {isa = PBXBuildFile; fileRef = 108090CC2D2DAFD10084A7E8 /* SFX_CRY_1B.wav */; };
		1080913F2D2DAFD10084A7E8 /* SFX_CRY_03.wav in Resources */ = {isa = PBXBuildFile; fileRef = 108090D22D2DAFD10084A7E8 /* SFX_CRY_03.wav */; };
		108091402D2DAFD10084A7E8 /* SFX_START_MENU.wav in Resources */ = {isa = PBXBuildFile; fileRef = 1080911F2D2DAFD10084A7E8 /* SFX_START_MENU.wav */; };
		108091412D2DAFD10084A7E8 /* SFX_INTRO_HIP.wav in Resources */ = {isa = PBXBuildFile; fileRef = 108090FC2D2DAFD10084A7E8 /* SFX_INTRO_HIP.wav */; };
		108091422D2DAFD10084A7E8 /* SFX_CRY_11.wav in Resources */ = {isa = PBXBuildFile; fileRef = 108090DA2D2DAFD10084A7E8 /* SFX_CRY_11.wav */; };
		108091432D2DAFD10084A7E8 /* SFX_SNARE_8.wav in Resources */ = {isa = PBXBuildFile; fileRef = 1080911C2D2DAFD10084A7E8 /* SFX_SNARE_8.wav */; };
		108091442D2DAFD10084A7E8 /* SFX_SNARE_9.wav in Resources */ = {isa = PBXBuildFile; fileRef = 1080911D2D2DAFD10084A7E8 /* SFX_SNARE_9.wav */; };
		108091452D2DAFD10084A7E8 /* SFX_CRY_20.wav in Resources */ = {isa = PBXBuildFile; fileRef = 108090E32D2DAFD10084A7E8 /* SFX_CRY_20.wav */; };
		108091462D2DAFD10084A7E8 /* SFX_CRY_0A.wav in Resources */ = {isa = PBXBuildFile; fileRef = 108090C42D2DAFD10084A7E8 /* SFX_CRY_0A.wav */; };
		108091472D2DAFD10084A7E8 /* SFX_MUTED_SNARE_2.wav in Resources */ = {isa = PBXBuildFile; fileRef = 108091042D2DAFD10084A7E8 /* SFX_MUTED_SNARE_2.wav */; };
		108091482D2DAFD10084A7E8 /* SFX_BALL_POOF.wav in Resources */ = {isa = PBXBuildFile; fileRef = 108090BF2D2DAFD10084A7E8 /* SFX_BALL_POOF.wav */; };
		108091492D2DAFD10084A7E8 /* SFX_TRADE_MACHINE.wav in Resources */ = {isa = PBXBuildFile; fileRef = 108091272D2DAFD10084A7E8 /* SFX_TRADE_MACHINE.wav */; };
		1080914A2D2DAFD10084A7E8 /* SFX_CRY_0E.wav in Resources */ = {isa = PBXBuildFile; fileRef = 108090C82D2DAFD10084A7E8 /* SFX_CRY_0E.wav */; };
		1080914B2D2DAFD10084A7E8 /* SFX_POISONED.wav in Resources */ = {isa = PBXBuildFile; fileRef = 108091072D2DAFD10084A7E8 /* SFX_POISONED.wav */; };
		1080914C2D2DAFD10084A7E8 /* SFX_CRY_0C.wav in Resources */ = {isa = PBXBuildFile; fileRef = 108090C62D2DAFD10084A7E8 /* SFX_CRY_0C.wav */; };
		1080914D2D2DAFD10084A7E8 /* SFX_POKEDEX_RATING.wav in Resources */ = {isa = PBXBuildFile; fileRef = 108091082D2DAFD10084A7E8 /* SFX_POKEDEX_RATING.wav */; };
		1080914E2D2DAFD10084A7E8 /* SFX_CYMBAL_3.wav in Resources */ = {isa = PBXBuildFile; fileRef = 108090EC2D2DAFD10084A7E8 /* SFX_CYMBAL_3.wav */; };
		1080914F2D2DAFD10084A7E8 /* SFX_SS_ANNE_HORN.wav in Resources */ = {isa = PBXBuildFile; fileRef = 1080911E2D2DAFD10084A7E8 /* SFX_SS_ANNE_HORN.wav */; };
		108091502D2DAFD10084A7E8 /* SFX_CRY_0D.wav in Resources */ = {isa = PBXBuildFile; fileRef = 108090C72D2DAFD10084A7E8 /* SFX_CRY_0D.wav */; };
		108091512D2DAFD10084A7E8 /* SFX_CRY_10.wav in Resources */ = {isa = PBXBuildFile; fileRef = 108090D92D2DAFD10084A7E8 /* SFX_CRY_10.wav */; };
		108091522D2DAFD10084A7E8 /* SFX_GET_ITEM_2.wav in Resources */ = {isa = PBXBuildFile; fileRef = 108090F42D2DAFD10084A7E8 /* SFX_GET_ITEM_2.wav */; };
		108091532D2DAFD10084A7E8 /* SFX_CRY_00.wav in Resources */ = {isa = PBXBuildFile; fileRef = 108090C32D2DAFD10084A7E8 /* SFX_CRY_00.wav */; };
		108091542D2DAFD10084A7E8 /* SFX_MUTED_SNARE_3.wav in Resources */ = {isa = PBXBuildFile; fileRef = 108091052D2DAFD10084A7E8 /* SFX_MUTED_SNARE_3.wav */; };
		108091552D2DAFD10084A7E8 /* SFX_CRY_1D.wav in Resources */ = {isa = PBXBuildFile; fileRef = 108090CE2D2DAFD10084A7E8 /* SFX_CRY_1D.wav */; };
		108091562D2DAFD10084A7E8 /* SFX_CRY_09.wav in Resources */ = {isa = PBXBuildFile; fileRef = 108090D82D2DAFD10084A7E8 /* SFX_CRY_09.wav */; };
		108091572D2DAFD10084A7E8 /* SFX_GO_OUTSIDE.wav in Resources */ = {isa = PBXBuildFile; fileRef = 108090F72D2DAFD10084A7E8 /* SFX_GO_OUTSIDE.wav */; };
		108091582D2DAFD10084A7E8 /* SFX_CRY_23.wav in Resources */ = {isa = PBXBuildFile; fileRef = 108090E62D2DAFD10084A7E8 /* SFX_CRY_23.wav */; };
		108091592D2DAFD10084A7E8 /* SFX_FAINT_FALL.wav in Resources */ = {isa = PBXBuildFile; fileRef = 108090F02D2DAFD10084A7E8 /* SFX_FAINT_FALL.wav */; };
		1080915A2D2DAFD10084A7E8 /* SFX_DEX_PAGE_ADDED.wav in Resources */ = {isa = PBXBuildFile; fileRef = 108090EE2D2DAFD10084A7E8 /* SFX_DEX_PAGE_ADDED.wav */; };
		1080915B2D2DAFD10084A7E8 /* SFX_CRY_02.wav in Resources */ = {isa = PBXBuildFile; fileRef = 108090D12D2DAFD10084A7E8 /* SFX_CRY_02.wav */; };
		1080915C2D2DAFD10084A7E8 /* SFX_SNARE_5.wav in Resources */ = {isa = PBXBuildFile; fileRef = 108091192D2DAFD10084A7E8 /* SFX_SNARE_5.wav */; };
		1080915D2D2DAFD10084A7E8 /* SFX_SNARE_7.wav in Resources */ = {isa = PBXBuildFile; fileRef = 1080911B2D2DAFD10084A7E8 /* SFX_SNARE_7.wav */; };
		1080915E2D2DAFD10084A7E8 /* SFX_WITHDRAW_DEPOSIT.wav in Resources */ = {isa = PBXBuildFile; fileRef = 1080912D2D2DAFD10084A7E8 /* SFX_WITHDRAW_DEPOSIT.wav */; };
		1080915F2D2DAFD10084A7E8 /* SFX_CYMBAL_2.wav in Resources */ = {isa = PBXBuildFile; fileRef = 108090EB2D2DAFD10084A7E8 /* SFX_CYMBAL_2.wav */; };
		108091602D2DAFD10084A7E8 /* SFX_CRY_01.wav in Resources */ = {isa = PBXBuildFile; fileRef = 108090CA2D2DAFD10084A7E8 /* SFX_CRY_01.wav */; };
		108091612D2DAFD10084A7E8 /* SFX_SWITCH.wav in Resources */ = {isa = PBXBuildFile; fileRef = 108091212D2DAFD10084A7E8 /* SFX_SWITCH.wav */; };
		108091622D2DAFD10084A7E8 /* SFX_TRIANGLE_3.wav in Resources */ = {isa = PBXBuildFile; fileRef = 1080912A2D2DAFD10084A7E8 /* SFX_TRIANGLE_3.wav */; };
		108091632D2DAFD10084A7E8 /* SFX_CRY_04.wav in Resources */ = {isa = PBXBuildFile; fileRef = 108090D32D2DAFD10084A7E8 /* SFX_CRY_04.wav */; };
		108091642D2DAFD10084A7E8 /* MUSIC_CAUGHT_MON.wav in Resources */ = {isa = PBXBuildFile; fileRef = 108090C12D2DAFD10084A7E8 /* MUSIC_CAUGHT_MON.wav */; };
		108091652D2DAFD10084A7E8 /* SFX_SNARE_2.wav in Resources */ = {isa = PBXBuildFile; fileRef = 108091162D2DAFD10084A7E8 /* SFX_SNARE_2.wav */; };
		108091662D2DAFD10084A7E8 /* SFX_CRY_13.wav in Resources */ = {isa = PBXBuildFile; fileRef = 108090DC2D2DAFD10084A7E8 /* SFX_CRY_13.wav */; };
		108091672D2DAFD10084A7E8 /* SFX_CRY_22.wav in Resources */ = {isa = PBXBuildFile; fileRef = 108090E52D2DAFD10084A7E8 /* SFX_CRY_22.wav */; };
		108091682D2DAFD10084A7E8 /* SFX_LEDGE.wav in Resources */ = {isa = PBXBuildFile; fileRef = 108091012D2DAFD10084A7E8 /* SFX_LEDGE.wav */; };
		108091692D2DAFD10084A7E8 /* SFX_SNARE_6.wav in Resources */ = {isa = PBXBuildFile; fileRef = 1080911A2D2DAFD10084A7E8 /* SFX_SNARE_6.wav */; };
		1080916A2D2DAFD10084A7E8 /* SFX_CRY_14.wav in Resources */ = {isa = PBXBuildFile; fileRef = 108090DD2D2DAFD10084A7E8 /* SFX_CRY_14.wav */; };
		1080916B2D2DAFD10084A7E8 /* SFX_DENIED.wav in Resources */ = {isa = PBXBuildFile; fileRef = 108090ED2D2DAFD10084A7E8 /* SFX_DENIED.wav */; };
		1080916C2D2DAFD10084A7E8 /* SFX_CUT.wav in Resources */ = {isa = PBXBuildFile; fileRef = 108090E92D2DAFD10084A7E8 /* SFX_CUT.wav */; };
		1080916D2D2DAFD10084A7E8 /* SFX_GO_INSIDE.wav in Resources */ = {isa = PBXBuildFile; fileRef = 108090F62D2DAFD10084A7E8 /* SFX_GO_INSIDE.wav */; };
		1080916E2D2DAFD10084A7E8 /* SFX_CRY_0F.wav in Resources */ = {isa = PBXBuildFile; fileRef = 108090C92D2DAFD10084A7E8 /* SFX_CRY_0F.wav */; };
		1080916F2D2DAFD10084A7E8 /* SFX_SHOOTING_STAR.wav in Resources */ = {isa = PBXBuildFile; fileRef = 1080910F2D2DAFD10084A7E8 /* SFX_SHOOTING_STAR.wav */; };
		108091702D2DAFD10084A7E8 /* SFX_59.wav in Resources */ = {isa = PBXBuildFile; fileRef = 108090BD2D2DAFD10084A7E8 /* SFX_59.wav */; };
		108091712D2DAFD10084A7E8 /* SFX_SWAP.wav in Resources */ = {isa = PBXBuildFile; fileRef = 108091202D2DAFD10084A7E8 /* SFX_SWAP.wav */; };
		108091722D2DAFD10084A7E8 /* SFX_CRY_19.wav in Resources */ = {isa = PBXBuildFile; fileRef = 108090E22D2DAFD10084A7E8 /* SFX_CRY_19.wav */; };
		108091732D2DAFD10084A7E8 /* SFX_CRY_06.wav in Resources */ = {isa = PBXBuildFile; fileRef = 108090D52D2DAFD10084A7E8 /* SFX_CRY_06.wav */; };
		108091742D2DAFD10084A7E8 /* SFX_CRY_05.wav in Resources */ = {isa = PBXBuildFile; fileRef = 108090D42D2DAFD10084A7E8 /* SFX_CRY_05.wav */; };
		108091752D2DAFD10084A7E8 /* SFX_CRY_18.wav in Resources */ = {isa = PBXBuildFile; fileRef = 108090E12D2DAFD10084A7E8 /* SFX_CRY_18.wav */; };
		108091762D2DAFD10084A7E8 /* SFX_MUTED_SNARE_4.wav in Resources */ = {isa = PBXBuildFile; fileRef = 108091062D2DAFD10084A7E8 /* SFX_MUTED_SNARE_4.wav */; };
		108091772D2DAFD10084A7E8 /* SFX_TRIANGLE_1.wav in Resources */ = {isa = PBXBuildFile; fileRef = 108091282D2DAFD10084A7E8 /* SFX_TRIANGLE_1.wav */; };
		108091782D2DAFD10084A7E8 /* SFX_TRIANGLE_2.wav in Resources */ = {isa = PBXBuildFile; fileRef = 108091292D2DAFD10084A7E8 /* SFX_TRIANGLE_2.wav */; };
		108091792D2DAFD10084A7E8 /* SFX_SNARE_3.wav in Resources */ = {isa = PBXBuildFile; fileRef = 108091172D2DAFD10084A7E8 /* SFX_SNARE_3.wav */; };
		1080917A2D2DAFD10084A7E8 /* SFX_SILPH_SCOPE.wav in Resources */ = {isa = PBXBuildFile; fileRef = 108091112D2DAFD10084A7E8 /* SFX_SILPH_SCOPE.wav */; };
		1080917B2D2DAFD10084A7E8 /* SFX_TINK.wav in Resources */ = {isa = PBXBuildFile; fileRef = 108091262D2DAFD10084A7E8 /* SFX_TINK.wav */; };
		1080917C2D2DAFD10084A7E8 /* SFX_CRY_15.wav in Resources */ = {isa = PBXBuildFile; fileRef = 108090DE2D2DAFD10084A7E8 /* SFX_CRY_15.wav */; };
		1080917D2D2DAFD10084A7E8 /* SFX_CYMBAL_1.wav in Resources */ = {isa = PBXBuildFile; fileRef = 108090EA2D2DAFD10084A7E8 /* SFX_CYMBAL_1.wav */; };
		1080917E2D2DAFD10084A7E8 /* SFX_HEALING_MACHINE.wav in Resources */ = {isa = PBXBuildFile; fileRef = 108090FA2D2DAFD10084A7E8 /* SFX_HEALING_MACHINE.wav */; };
		1080917F2D2DAFD10084A7E8 /* SFX_TELEPORT_EXIT_2.wav in Resources */ = {isa = PBXBuildFile; fileRef = 108091252D2DAFD10084A7E8 /* SFX_TELEPORT_EXIT_2.wav */; };
		108091802D2DAFD10084A7E8 /* SFX_MUTED_SNARE_1.wav in Resources */ = {isa = PBXBuildFile; fileRef = 108091032D2DAFD10084A7E8 /* SFX_MUTED_SNARE_1.wav */; };
		108091812D2DAFD10084A7E8 /* SFX_CRY_08.wav in Resources */ = {isa = PBXBuildFile; fileRef = 108090D72D2DAFD10084A7E8 /* SFX_CRY_08.wav */; };
		108091822D2DAFD10084A7E8 /* SFX_PRESS_AB.wav in Resources */ = {isa = PBXBuildFile; fileRef = 108091092D2DAFD10084A7E8 /* SFX_PRESS_AB.wav */; };
		108091832D2DAFD10084A7E8 /* SFX_TURN_ON_PC.wav in Resources */ = {isa = PBXBuildFile; fileRef = 1080912C2D2DAFD10084A7E8 /* SFX_TURN_ON_PC.wav */; };
		108091842D2DAFD10084A7E8 /* SFX_SLOTS_REWARD.wav in Resources */ = {isa = PBXBuildFile; fileRef = 108091132D2DAFD10084A7E8 /* SFX_SLOTS_REWARD.wav */; };
		108091852D2DAFD10084A7E8 /* SFX_PUSH_BOULDER.wav in Resources */ = {isa = PBXBuildFile; fileRef = 1080910B2D2DAFD10084A7E8 /* SFX_PUSH_BOULDER.wav */; };
		108091862D2DAFD10084A7E8 /* SFX_TELEPORT_ENTER_1.wav in Resources */ = {isa = PBXBuildFile; fileRef = 108091222D2DAFD10084A7E8 /* SFX_TELEPORT_ENTER_1.wav */; };
		108091872D2DAFD10084A7E8 /* SFX_ENTER_PC.wav in Resources */ = {isa = PBXBuildFile; fileRef = 108090EF2D2DAFD10084A7E8 /* SFX_ENTER_PC.wav */; };
		108091882D2DAFD10084A7E8 /* SFX_INTRO_LUNGE.wav in Resources */ = {isa = PBXBuildFile; fileRef = 108090FE2D2DAFD10084A7E8 /* SFX_INTRO_LUNGE.wav */; };
		108091892D2DAFD10084A7E8 /* SFX_SHRINK.wav in Resources */ = {isa = PBXBuildFile; fileRef = 108091102D2DAFD10084A7E8 /* SFX_SHRINK.wav */; };
		1080918A2D2DAFD10084A7E8 /* SFX_CRY_07.wav in Resources */ = {isa = PBXBuildFile; fileRef = 108090D62D2DAFD10084A7E8 /* SFX_CRY_07.wav */; };
		1080918B2D2DAFD10084A7E8 /* SFX_CRY_1C.wav in Resources */ = {isa = PBXBuildFile; fileRef = 108090CD2D2DAFD10084A7E8 /* SFX_CRY_1C.wav */; };
		1080918C2D2DAFD10084A7E8 /* SFX_PURCHASE.wav in Resources */ = {isa = PBXBuildFile; fileRef = 1080910A2D2DAFD10084A7E8 /* SFX_PURCHASE.wav */; };
		1080918D2D2DAFD10084A7E8 /* SFX_HEAL_AILMENT.wav in Resources */ = {isa = PBXBuildFile; fileRef = 108090F82D2DAFD10084A7E8 /* SFX_HEAL_AILMENT.wav */; };
		1080918E2D2DAFD10084A7E8 /* SFX_CRY_17.wav in Resources */ = {isa = PBXBuildFile; fileRef = 108090E02D2DAFD10084A7E8 /* SFX_CRY_17.wav */; };
		1080918F2D2DAFD10084A7E8 /* SFX_CRY_12.wav in Resources */ = {isa = PBXBuildFile; fileRef = 108090DB2D2DAFD10084A7E8 /* SFX_CRY_12.wav */; };
		108091902D2DAFD10084A7E8 /* SFX_TELEPORT_ENTER_2.wav in Resources */ = {isa = PBXBuildFile; fileRef = 108091232D2DAFD10084A7E8 /* SFX_TELEPORT_ENTER_2.wav */; };
		108091912D2DAFD10084A7E8 /* SFX_CRY_21.wav in Resources */ = {isa = PBXBuildFile; fileRef = 108090E42D2DAFD10084A7E8 /* SFX_CRY_21.wav */; };
		108091922D2DAFD10084A7E8 /* SFX_RUN.wav in Resources */ = {isa = PBXBuildFile; fileRef = 1080910C2D2DAFD10084A7E8 /* SFX_RUN.wav */; };
		108091932D2DAFD10084A7E8 /* SFX_SAFARI_ZONE_PA.wav in Resources */ = {isa = PBXBuildFile; fileRef = 1080910D2D2DAFD10084A7E8 /* SFX_SAFARI_ZONE_PA.wav */; };
		108091942D2DAFD10084A7E8 /* SFX_FLY.wav in Resources */ = {isa = PBXBuildFile; fileRef = 108090F22D2DAFD10084A7E8 /* SFX_FLY.wav */; };
		108091952D2DAFD10084A7E8 /* SFX_INTRO_WHOOSH.wav in Resources */ = {isa = PBXBuildFile; fileRef = 108091002D2DAFD10084A7E8 /* SFX_INTRO_WHOOSH.wav */; };
		108091962D2DAFD10084A7E8 /* SFX_LEVEL_UP.wav in Resources */ = {isa = PBXBuildFile; fileRef = 108091022D2DAFD10084A7E8 /* SFX_LEVEL_UP.wav */; };
		108091972D2DAFD10084A7E8 /* SFX_INTRO_HOP.wav in Resources */ = {isa = PBXBuildFile; fileRef = 108090FD2D2DAFD10084A7E8 /* SFX_INTRO_HOP.wav */; };
		108091982D2DAFD10084A7E8 /* MUSIC_TURN_OFF_PC.wav in Resources */ = {isa = PBXBuildFile; fileRef = 1080912B2D2DAFD10084A7E8 /* MUSIC_TURN_OFF_PC.wav */; };
		108091992D2DAFD10084A7E8 /* SFX_FAINT_THUD.wav in Resources */ = {isa = PBXBuildFile; fileRef = 108090F12D2DAFD10084A7E8 /* SFX_FAINT_THUD.wav */; };
		1080919A2D2DAFD10084A7E8 /* SFX_CRY_0B.wav in Resources */ = {isa = PBXBuildFile; fileRef = 108090C52D2DAFD10084A7E8 /* SFX_CRY_0B.wav */; };
		1080919B2D2DAFD10084A7E8 /* SFX_INTRO_RAISE.wav in Resources */ = {isa = PBXBuildFile; fileRef = 108090FF2D2DAFD10084A7E8 /* SFX_INTRO_RAISE.wav */; };
		1080919C2D2DAFD10084A7E8 /* SFX_SNARE_1.wav in Resources */ = {isa = PBXBuildFile; fileRef = 108091152D2DAFD10084A7E8 /* SFX_SNARE_1.wav */; };
		1080919D2D2DAFD10084A7E8 /* SFX_BALL_TOSS.wav in Resources */ = {isa = PBXBuildFile; fileRef = 108090C02D2DAFD10084A7E8 /* SFX_BALL_TOSS.wav */; };
		1080919E2D2DAFD10084A7E8 /* MUSIC_GET_KEY_ITEM.wav in Resources */ = {isa = PBXBuildFile; fileRef = 108090F52D2DAFD10084A7E8 /* MUSIC_GET_KEY_ITEM.wav */; };
		108091A02D2DB4B20084A7E8 /* MUSIC_VICTORY.wav in Resources */ = {isa = PBXBuildFile; fileRef = 1080919F2D2DB4B20084A7E8 /* MUSIC_VICTORY.wav */; };
		108091A22D2DB5890084A7E8 /* MUSIC_PROF_OAK.wav in Resources */ = {isa = PBXBuildFile; fileRef = 108091A12D2DB5890084A7E8 /* MUSIC_PROF_OAK.wav */; };
		108091A42D2DB9AE0084A7E8 /* .wav in Resources */ = {isa = PBXBuildFile; fileRef = 108091A32D2DB9AE0084A7E8 /* .wav */; };
		108091A62D2DB9B30084A7E8 /* File.txt in Resources */ = {isa = PBXBuildFile; fileRef = 108091A52D2DB9B30084A7E8 /* File.txt */; };
		108091A82D2DB9C30084A7E8 /* MUSIC_BATTLE.wav in Resources */ = {isa = PBXBuildFile; fileRef = 108091A72D2DB9C30084A7E8 /* MUSIC_BATTLE.wav */; };
		900FD60627DD3FEE006F9C3C /* BattleView.swift in Sources */ = {isa = PBXBuildFile; fileRef = 900FD60527DD3FEE006F9C3C /* BattleView.swift */; };
		900FD60827DD41CA006F9C3C /* BattleIntro.swift in Sources */ = {isa = PBXBuildFile; fileRef = 900FD60727DD41CA006F9C3C /* BattleIntro.swift */; };
		900FD60B27DD41F6006F9C3C /* Battle.swift in Sources */ = {isa = PBXBuildFile; fileRef = 900FD60A27DD41F6006F9C3C /* Battle.swift */; };
		900FD60D27DD4CC5006F9C3C /* Actions.swift in Sources */ = {isa = PBXBuildFile; fileRef = 900FD60C27DD4CC5006F9C3C /* Actions.swift */; };
		900FD60F27DDB2F1006F9C3C /* NewInvestorView.swift in Sources */ = {isa = PBXBuildFile; fileRef = 900FD60E27DDB2F1006F9C3C /* NewInvestorView.swift */; };
		900FD61127DEA059006F9C3C /* InvestorDetailView.swift in Sources */ = {isa = PBXBuildFile; fileRef = 900FD61027DEA059006F9C3C /* InvestorDetailView.swift */; };
		900FD61327DEA3B9006F9C3C /* GetRarityColor.swift in Sources */ = {isa = PBXBuildFile; fileRef = 900FD61227DEA3B9006F9C3C /* GetRarityColor.swift */; };
		900FD61527DEA9E6006F9C3C /* GoogleService-Info.plist in Resources */ = {isa = PBXBuildFile; fileRef = 900FD61427DEA9E6006F9C3C /* GoogleService-Info.plist */; };
		900FD61827DEAAB9006F9C3C /* Start.swift in Sources */ = {isa = PBXBuildFile; fileRef = 900FD61727DEAAB9006F9C3C /* Start.swift */; };
		900FD61A27DEAB2B006F9C3C /* Intro.swift in Sources */ = {isa = PBXBuildFile; fileRef = 900FD61927DEAB2B006F9C3C /* Intro.swift */; };
		900FD61C27DEAB68006F9C3C /* Battles.swift in Sources */ = {isa = PBXBuildFile; fileRef = 900FD61B27DEAB68006F9C3C /* Battles.swift */; };
		900FD61E27DEAD23006F9C3C /* Menu.swift in Sources */ = {isa = PBXBuildFile; fileRef = 900FD61D27DEAD23006F9C3C /* Menu.swift */; };
		900FD62027DEAD3F006F9C3C /* Progress.swift in Sources */ = {isa = PBXBuildFile; fileRef = 900FD61F27DEAD3F006F9C3C /* Progress.swift */; };
		900FD62227DEAD5E006F9C3C /* Restart.swift in Sources */ = {isa = PBXBuildFile; fileRef = 900FD62127DEAD5E006F9C3C /* Restart.swift */; };
		900FD62427DEADA2006F9C3C /* CapTable.swift in Sources */ = {isa = PBXBuildFile; fileRef = 900FD62327DEADA2006F9C3C /* CapTable.swift */; };
		900FD62627DEAEC8006F9C3C /* NewInvestor.swift in Sources */ = {isa = PBXBuildFile; fileRef = 900FD62527DEAEC8006F9C3C /* NewInvestor.swift */; };
		900FD62827DEAF42006F9C3C /* InvestorDetail.swift in Sources */ = {isa = PBXBuildFile; fileRef = 900FD62727DEAF41006F9C3C /* InvestorDetail.swift */; };
		900FD62A27DEAF81006F9C3C /* InvestDex.swift in Sources */ = {isa = PBXBuildFile; fileRef = 900FD62927DEAF81006F9C3C /* InvestDex.swift */; };
		9020A1B827DC088000DEBD79 /* partymonApp.swift in Sources */ = {isa = PBXBuildFile; fileRef = 9020A1B727DC088000DEBD79 /* partymonApp.swift */; };
		9020A1BA27DC088000DEBD79 /* ContentView.swift in Sources */ = {isa = PBXBuildFile; fileRef = 9020A1B927DC088000DEBD79 /* ContentView.swift */; };
		9020A1BC27DC088100DEBD79 /* Assets.xcassets in Resources */ = {isa = PBXBuildFile; fileRef = 9020A1BB27DC088100DEBD79 /* Assets.xcassets */; };
		9020A1BF27DC088100DEBD79 /* Preview Assets.xcassets in Resources */ = {isa = PBXBuildFile; fileRef = 9020A1BE27DC088100DEBD79 /* Preview Assets.xcassets */; };
		9020A1C727DC0D0700DEBD79 /* ColorManager.swift in Sources */ = {isa = PBXBuildFile; fileRef = 9020A1C627DC0D0700DEBD79 /* ColorManager.swift */; };
		9020A1CB27DC153B00DEBD79 /* ColorGrid.swift in Sources */ = {isa = PBXBuildFile; fileRef = 9020A1CA27DC153B00DEBD79 /* ColorGrid.swift */; };
		9020A1CD27DC1A3100DEBD79 /* BackgroundView.swift in Sources */ = {isa = PBXBuildFile; fileRef = 9020A1CC27DC1A3100DEBD79 /* BackgroundView.swift */; };
		9020A1CF27DC1A8100DEBD79 /* GameboyView.swift in Sources */ = {isa = PBXBuildFile; fileRef = 9020A1CE27DC1A8100DEBD79 /* GameboyView.swift */; };
		9020A1D127DC1B4B00DEBD79 /* GameboyControls.swift in Sources */ = {isa = PBXBuildFile; fileRef = 9020A1D027DC1B4B00DEBD79 /* GameboyControls.swift */; };
		9020A1D427DC1F4E00DEBD79 /* Extensions.swift in Sources */ = {isa = PBXBuildFile; fileRef = 9020A1D327DC1F4E00DEBD79 /* Extensions.swift */; };
		9020A1D627DC1F7B00DEBD79 /* LayoutManager.swift in Sources */ = {isa = PBXBuildFile; fileRef = 9020A1D527DC1F7B00DEBD79 /* LayoutManager.swift */; };
		90ECC75D27FBCA1100D470E5 /* LoadingView.swift in Sources */ = {isa = PBXBuildFile; fileRef = 90ECC75C27FBCA1100D470E5 /* LoadingView.swift */; };
		90ECC75F27FBD00200D470E5 /* Loading.swift in Sources */ = {isa = PBXBuildFile; fileRef = 90ECC75E27FBD00200D470E5 /* Loading.swift */; };
		90ECC76127FBE5ED00D470E5 /* User.swift in Sources */ = {isa = PBXBuildFile; fileRef = 90ECC76027FBE5ED00D470E5 /* User.swift */; };
		90ECC76327FD3D2200D470E5 /* Completed.swift in Sources */ = {isa = PBXBuildFile; fileRef = 90ECC76227FD3D2200D470E5 /* Completed.swift */; };
		90ECC76527FD3D7700D470E5 /* CompletedView.swift in Sources */ = {isa = PBXBuildFile; fileRef = 90ECC76427FD3D7700D470E5 /* CompletedView.swift */; };
		90ECC76927FD3F1500D470E5 /* ConfettiSwiftUI.swift in Sources */ = {isa = PBXBuildFile; fileRef = 90ECC76827FD3F1500D470E5 /* ConfettiSwiftUI.swift */; };
		90ECC76B27FD3F1800D470E5 /* RoundedCross.swift in Sources */ = {isa = PBXBuildFile; fileRef = 90ECC76A27FD3F1800D470E5 /* RoundedCross.swift */; };
		90ECC76D27FD3F1A00D470E5 /* SlimRectangle.swift in Sources */ = {isa = PBXBuildFile; fileRef = 90ECC76C27FD3F1A00D470E5 /* SlimRectangle.swift */; };
		90ECC76F27FD3F1C00D470E5 /* Triangle.swift in Sources */ = {isa = PBXBuildFile; fileRef = 90ECC76E27FD3F1C00D470E5 /* Triangle.swift */; };
		90F19D4D27DD212800144521 /* CapTableView.swift in Sources */ = {isa = PBXBuildFile; fileRef = 90F19D4C27DD212800144521 /* CapTableView.swift */; };
		90F19D4F27DD22ED00144521 /* RestartView.swift in Sources */ = {isa = PBXBuildFile; fileRef = 90F19D4E27DD22ED00144521 /* RestartView.swift */; };
		90F19D5127DD276000144521 /* MenuView.swift in Sources */ = {isa = PBXBuildFile; fileRef = 90F19D5027DD276000144521 /* MenuView.swift */; };
		90F19D5327DD2C0700144521 /* ProgressView.swift in Sources */ = {isa = PBXBuildFile; fileRef = 90F19D5227DD2C0700144521 /* ProgressView.swift */; };
		90FBE4B527DEDA4100191E8D /* FontManager.swift in Sources */ = {isa = PBXBuildFile; fileRef = 90FBE4B427DEDA4100191E8D /* FontManager.swift */; };
		90FDF31B27DC252200F627BE /* PKMN_RBYGSC.ttf in Resources */ = {isa = PBXBuildFile; fileRef = 90FDF31A27DC250C00F627BE /* PKMN_RBYGSC.ttf */; };
		90FDF32127DC2F4600F627BE /* GameboyButton.swift in Sources */ = {isa = PBXBuildFile; fileRef = 90FDF32027DC2F4600F627BE /* GameboyButton.swift */; };
		90FDF32327DC327000F627BE /* GameboyNumpad.swift in Sources */ = {isa = PBXBuildFile; fileRef = 90FDF32227DC327000F627BE /* GameboyNumpad.swift */; };
		90FDF32A27DC423400F627BE /* StartView.swift in Sources */ = {isa = PBXBuildFile; fileRef = 90FDF32927DC423400F627BE /* StartView.swift */; };
		90FDF32C27DC42B600F627BE /* GameplayView.swift in Sources */ = {isa = PBXBuildFile; fileRef = 90FDF32B27DC42B600F627BE /* GameplayView.swift */; };
		90FDF32F27DC44AC00F627BE /* GameButton.swift in Sources */ = {isa = PBXBuildFile; fileRef = 90FDF32E27DC44AC00F627BE /* GameButton.swift */; };
		90FDF33127DC484400F627BE /* Store.swift in Sources */ = {isa = PBXBuildFile; fileRef = 90FDF33027DC484400F627BE /* Store.swift */; };
		90FDF33427DC48AF00F627BE /* State.swift in Sources */ = {isa = PBXBuildFile; fileRef = 90FDF33327DC48AF00F627BE /* State.swift */; };
		90FDF33627DC4EF900F627BE /* IntroView.swift in Sources */ = {isa = PBXBuildFile; fileRef = 90FDF33527DC4EF900F627BE /* IntroView.swift */; };
		90FDF33827DC4F3400F627BE /* InvestDexView.swift in Sources */ = {isa = PBXBuildFile; fileRef = 90FDF33727DC4F3400F627BE /* InvestDexView.swift */; };
		90FDF33A27DC565300F627BE /* Share.swift in Sources */ = {isa = PBXBuildFile; fileRef = 90FDF33927DC565300F627BE /* Share.swift */; };
		90FDF33C27DC614500F627BE /* InvestorItem.swift in Sources */ = {isa = PBXBuildFile; fileRef = 90FDF33B27DC614500F627BE /* InvestorItem.swift */; };
		90FDF33E27DC660700F627BE /* InvestorModel.swift in Sources */ = {isa = PBXBuildFile; fileRef = 90FDF33D27DC660700F627BE /* InvestorModel.swift */; };
		90FDF34127DD0CFE00F627BE /* AnimatedText.swift in Sources */ = {isa = PBXBuildFile; fileRef = 90FDF34027DD0CFE00F627BE /* AnimatedText.swift */; };
		EFD9B1142177B084AA2BF0EE /* Pods_partymon.framework in Frameworks */ = {isa = PBXBuildFile; fileRef = 5641D52A75697D8F08D2E3FF /* Pods_partymon.framework */; };
/* End PBXBuildFile section */

/* Begin PBXFileReference section */
		0F1205C979B2E6FF326B1C48 /* Pods-partymon.release.xcconfig */ = {isa = PBXFileReference; includeInIndex = 1; lastKnownFileType = text.xcconfig; name = "Pods-partymon.release.xcconfig"; path = "Target Support Files/Pods-partymon/Pods-partymon.release.xcconfig"; sourceTree = "<group>"; };
		10808E832D2DACCD0084A7E8 /* AudioPlayerViewModel.swift */ = {isa = PBXFileReference; lastKnownFileType = sourcecode.swift; path = AudioPlayerViewModel.swift; sourceTree = "<group>"; };
		108090BD2D2DAFD10084A7E8 /* SFX_59.wav */ = {isa = PBXFileReference; lastKnownFileType = audio.wav; path = SFX_59.wav; sourceTree = "<group>"; };
		108090BE2D2DAFD10084A7E8 /* SFX_ARROW_TILES.wav */ = {isa = PBXFileReference; lastKnownFileType = audio.wav; path = SFX_ARROW_TILES.wav; sourceTree = "<group>"; };
		108090BF2D2DAFD10084A7E8 /* SFX_BALL_POOF.wav */ = {isa = PBXFileReference; lastKnownFileType = audio.wav; path = SFX_BALL_POOF.wav; sourceTree = "<group>"; };
		108090C02D2DAFD10084A7E8 /* SFX_BALL_TOSS.wav */ = {isa = PBXFileReference; lastKnownFileType = audio.wav; path = SFX_BALL_TOSS.wav; sourceTree = "<group>"; };
		108090C12D2DAFD10084A7E8 /* MUSIC_CAUGHT_MON.wav */ = {isa = PBXFileReference; lastKnownFileType = audio.wav; path = MUSIC_CAUGHT_MON.wav; sourceTree = "<group>"; };
		108090C22D2DAFD10084A7E8 /* SFX_COLLISION.wav */ = {isa = PBXFileReference; lastKnownFileType = audio.wav; path = SFX_COLLISION.wav; sourceTree = "<group>"; };
		108090C32D2DAFD10084A7E8 /* SFX_CRY_00.wav */ = {isa = PBXFileReference; lastKnownFileType = audio.wav; path = SFX_CRY_00.wav; sourceTree = "<group>"; };
		108090C42D2DAFD10084A7E8 /* SFX_CRY_0A.wav */ = {isa = PBXFileReference; lastKnownFileType = audio.wav; path = SFX_CRY_0A.wav; sourceTree = "<group>"; };
		108090C52D2DAFD10084A7E8 /* SFX_CRY_0B.wav */ = {isa = PBXFileReference; lastKnownFileType = audio.wav; path = SFX_CRY_0B.wav; sourceTree = "<group>"; };
		108090C62D2DAFD10084A7E8 /* SFX_CRY_0C.wav */ = {isa = PBXFileReference; lastKnownFileType = audio.wav; path = SFX_CRY_0C.wav; sourceTree = "<group>"; };
		108090C72D2DAFD10084A7E8 /* SFX_CRY_0D.wav */ = {isa = PBXFileReference; lastKnownFileType = audio.wav; path = SFX_CRY_0D.wav; sourceTree = "<group>"; };
		108090C82D2DAFD10084A7E8 /* SFX_CRY_0E.wav */ = {isa = PBXFileReference; lastKnownFileType = audio.wav; path = SFX_CRY_0E.wav; sourceTree = "<group>"; };
		108090C92D2DAFD10084A7E8 /* SFX_CRY_0F.wav */ = {isa = PBXFileReference; lastKnownFileType = audio.wav; path = SFX_CRY_0F.wav; sourceTree = "<group>"; };
		108090CA2D2DAFD10084A7E8 /* SFX_CRY_01.wav */ = {isa = PBXFileReference; lastKnownFileType = audio.wav; path = SFX_CRY_01.wav; sourceTree = "<group>"; };
		108090CB2D2DAFD10084A7E8 /* SFX_CRY_1A.wav */ = {isa = PBXFileReference; lastKnownFileType = audio.wav; path = SFX_CRY_1A.wav; sourceTree = "<group>"; };
		108090CC2D2DAFD10084A7E8 /* SFX_CRY_1B.wav */ = {isa = PBXFileReference; lastKnownFileType = audio.wav; path = SFX_CRY_1B.wav; sourceTree = "<group>"; };
		108090CD2D2DAFD10084A7E8 /* SFX_CRY_1C.wav */ = {isa = PBXFileReference; lastKnownFileType = audio.wav; path = SFX_CRY_1C.wav; sourceTree = "<group>"; };
		108090CE2D2DAFD10084A7E8 /* SFX_CRY_1D.wav */ = {isa = PBXFileReference; lastKnownFileType = audio.wav; path = SFX_CRY_1D.wav; sourceTree = "<group>"; };
		108090CF2D2DAFD10084A7E8 /* SFX_CRY_1E.wav */ = {isa = PBXFileReference; lastKnownFileType = audio.wav; path = SFX_CRY_1E.wav; sourceTree = "<group>"; };
		108090D02D2DAFD10084A7E8 /* SFX_CRY_1F.wav */ = {isa = PBXFileReference; lastKnownFileType = audio.wav; path = SFX_CRY_1F.wav; sourceTree = "<group>"; };
		108090D12D2DAFD10084A7E8 /* SFX_CRY_02.wav */ = {isa = PBXFileReference; lastKnownFileType = audio.wav; path = SFX_CRY_02.wav; sourceTree = "<group>"; };
		108090D22D2DAFD10084A7E8 /* SFX_CRY_03.wav */ = {isa = PBXFileReference; lastKnownFileType = audio.wav; path = SFX_CRY_03.wav; sourceTree = "<group>"; };
		108090D32D2DAFD10084A7E8 /* SFX_CRY_04.wav */ = {isa = PBXFileReference; lastKnownFileType = audio.wav; path = SFX_CRY_04.wav; sourceTree = "<group>"; };
		108090D42D2DAFD10084A7E8 /* SFX_CRY_05.wav */ = {isa = PBXFileReference; lastKnownFileType = audio.wav; path = SFX_CRY_05.wav; sourceTree = "<group>"; };
		108090D52D2DAFD10084A7E8 /* SFX_CRY_06.wav */ = {isa = PBXFileReference; lastKnownFileType = audio.wav; path = SFX_CRY_06.wav; sourceTree = "<group>"; };
		108090D62D2DAFD10084A7E8 /* SFX_CRY_07.wav */ = {isa = PBXFileReference; lastKnownFileType = audio.wav; path = SFX_CRY_07.wav; sourceTree = "<group>"; };
		108090D72D2DAFD10084A7E8 /* SFX_CRY_08.wav */ = {isa = PBXFileReference; lastKnownFileType = audio.wav; path = SFX_CRY_08.wav; sourceTree = "<group>"; };
		108090D82D2DAFD10084A7E8 /* SFX_CRY_09.wav */ = {isa = PBXFileReference; lastKnownFileType = audio.wav; path = SFX_CRY_09.wav; sourceTree = "<group>"; };
		108090D92D2DAFD10084A7E8 /* SFX_CRY_10.wav */ = {isa = PBXFileReference; lastKnownFileType = audio.wav; path = SFX_CRY_10.wav; sourceTree = "<group>"; };
		108090DA2D2DAFD10084A7E8 /* SFX_CRY_11.wav */ = {isa = PBXFileReference; lastKnownFileType = audio.wav; path = SFX_CRY_11.wav; sourceTree = "<group>"; };
		108090DB2D2DAFD10084A7E8 /* SFX_CRY_12.wav */ = {isa = PBXFileReference; lastKnownFileType = audio.wav; path = SFX_CRY_12.wav; sourceTree = "<group>"; };
		108090DC2D2DAFD10084A7E8 /* SFX_CRY_13.wav */ = {isa = PBXFileReference; lastKnownFileType = audio.wav; path = SFX_CRY_13.wav; sourceTree = "<group>"; };
		108090DD2D2DAFD10084A7E8 /* SFX_CRY_14.wav */ = {isa = PBXFileReference; lastKnownFileType = audio.wav; path = SFX_CRY_14.wav; sourceTree = "<group>"; };
		108090DE2D2DAFD10084A7E8 /* SFX_CRY_15.wav */ = {isa = PBXFileReference; lastKnownFileType = audio.wav; path = SFX_CRY_15.wav; sourceTree = "<group>"; };
		108090DF2D2DAFD10084A7E8 /* SFX_CRY_16.wav */ = {isa = PBXFileReference; lastKnownFileType = audio.wav; path = SFX_CRY_16.wav; sourceTree = "<group>"; };
		108090E02D2DAFD10084A7E8 /* SFX_CRY_17.wav */ = {isa = PBXFileReference; lastKnownFileType = audio.wav; path = SFX_CRY_17.wav; sourceTree = "<group>"; };
		108090E12D2DAFD10084A7E8 /* SFX_CRY_18.wav */ = {isa = PBXFileReference; lastKnownFileType = audio.wav; path = SFX_CRY_18.wav; sourceTree = "<group>"; };
		108090E22D2DAFD10084A7E8 /* SFX_CRY_19.wav */ = {isa = PBXFileReference; lastKnownFileType = audio.wav; path = SFX_CRY_19.wav; sourceTree = "<group>"; };
		108090E32D2DAFD10084A7E8 /* SFX_CRY_20.wav */ = {isa = PBXFileReference; lastKnownFileType = audio.wav; path = SFX_CRY_20.wav; sourceTree = "<group>"; };
		108090E42D2DAFD10084A7E8 /* SFX_CRY_21.wav */ = {isa = PBXFileReference; lastKnownFileType = audio.wav; path = SFX_CRY_21.wav; sourceTree = "<group>"; };
		108090E52D2DAFD10084A7E8 /* SFX_CRY_22.wav */ = {isa = PBXFileReference; lastKnownFileType = audio.wav; path = SFX_CRY_22.wav; sourceTree = "<group>"; };
		108090E62D2DAFD10084A7E8 /* SFX_CRY_23.wav */ = {isa = PBXFileReference; lastKnownFileType = audio.wav; path = SFX_CRY_23.wav; sourceTree = "<group>"; };
		108090E72D2DAFD10084A7E8 /* SFX_CRY_24.wav */ = {isa = PBXFileReference; lastKnownFileType = audio.wav; path = SFX_CRY_24.wav; sourceTree = "<group>"; };
		108090E82D2DAFD10084A7E8 /* SFX_CRY_25.wav */ = {isa = PBXFileReference; lastKnownFileType = audio.wav; path = SFX_CRY_25.wav; sourceTree = "<group>"; };
		108090E92D2DAFD10084A7E8 /* SFX_CUT.wav */ = {isa = PBXFileReference; lastKnownFileType = audio.wav; path = SFX_CUT.wav; sourceTree = "<group>"; };
		108090EA2D2DAFD10084A7E8 /* SFX_CYMBAL_1.wav */ = {isa = PBXFileReference; lastKnownFileType = audio.wav; path = SFX_CYMBAL_1.wav; sourceTree = "<group>"; };
		108090EB2D2DAFD10084A7E8 /* SFX_CYMBAL_2.wav */ = {isa = PBXFileReference; lastKnownFileType = audio.wav; path = SFX_CYMBAL_2.wav; sourceTree = "<group>"; };
		108090EC2D2DAFD10084A7E8 /* SFX_CYMBAL_3.wav */ = {isa = PBXFileReference; lastKnownFileType = audio.wav; path = SFX_CYMBAL_3.wav; sourceTree = "<group>"; };
		108090ED2D2DAFD10084A7E8 /* SFX_DENIED.wav */ = {isa = PBXFileReference; lastKnownFileType = audio.wav; path = SFX_DENIED.wav; sourceTree = "<group>"; };
		108090EE2D2DAFD10084A7E8 /* SFX_DEX_PAGE_ADDED.wav */ = {isa = PBXFileReference; lastKnownFileType = audio.wav; path = SFX_DEX_PAGE_ADDED.wav; sourceTree = "<group>"; };
		108090EF2D2DAFD10084A7E8 /* SFX_ENTER_PC.wav */ = {isa = PBXFileReference; lastKnownFileType = audio.wav; path = SFX_ENTER_PC.wav; sourceTree = "<group>"; };
		108090F02D2DAFD10084A7E8 /* SFX_FAINT_FALL.wav */ = {isa = PBXFileReference; lastKnownFileType = audio.wav; path = SFX_FAINT_FALL.wav; sourceTree = "<group>"; };
		108090F12D2DAFD10084A7E8 /* SFX_FAINT_THUD.wav */ = {isa = PBXFileReference; lastKnownFileType = audio.wav; path = SFX_FAINT_THUD.wav; sourceTree = "<group>"; };
		108090F22D2DAFD10084A7E8 /* SFX_FLY.wav */ = {isa = PBXFileReference; lastKnownFileType = audio.wav; path = SFX_FLY.wav; sourceTree = "<group>"; };
		108090F32D2DAFD10084A7E8 /* SFX_GET_ITEM_1.wav */ = {isa = PBXFileReference; lastKnownFileType = audio.wav; path = SFX_GET_ITEM_1.wav; sourceTree = "<group>"; };
		108090F42D2DAFD10084A7E8 /* SFX_GET_ITEM_2.wav */ = {isa = PBXFileReference; lastKnownFileType = audio.wav; path = SFX_GET_ITEM_2.wav; sourceTree = "<group>"; };
		108090F52D2DAFD10084A7E8 /* MUSIC_GET_KEY_ITEM.wav */ = {isa = PBXFileReference; lastKnownFileType = audio.wav; path = MUSIC_GET_KEY_ITEM.wav; sourceTree = "<group>"; };
		108090F62D2DAFD10084A7E8 /* SFX_GO_INSIDE.wav */ = {isa = PBXFileReference; lastKnownFileType = audio.wav; path = SFX_GO_INSIDE.wav; sourceTree = "<group>"; };
		108090F72D2DAFD10084A7E8 /* SFX_GO_OUTSIDE.wav */ = {isa = PBXFileReference; lastKnownFileType = audio.wav; path = SFX_GO_OUTSIDE.wav; sourceTree = "<group>"; };
		108090F82D2DAFD10084A7E8 /* SFX_HEAL_AILMENT.wav */ = {isa = PBXFileReference; lastKnownFileType = audio.wav; path = SFX_HEAL_AILMENT.wav; sourceTree = "<group>"; };
		108090F92D2DAFD10084A7E8 /* SFX_HEAL_UP.wav */ = {isa = PBXFileReference; lastKnownFileType = audio.wav; path = SFX_HEAL_UP.wav; sourceTree = "<group>"; };
		108090FA2D2DAFD10084A7E8 /* SFX_HEALING_MACHINE.wav */ = {isa = PBXFileReference; lastKnownFileType = audio.wav; path = SFX_HEALING_MACHINE.wav; sourceTree = "<group>"; };
		108090FB2D2DAFD10084A7E8 /* SFX_INTRO_CRASH.wav */ = {isa = PBXFileReference; lastKnownFileType = audio.wav; path = SFX_INTRO_CRASH.wav; sourceTree = "<group>"; };
		108090FC2D2DAFD10084A7E8 /* SFX_INTRO_HIP.wav */ = {isa = PBXFileReference; lastKnownFileType = audio.wav; path = SFX_INTRO_HIP.wav; sourceTree = "<group>"; };
		108090FD2D2DAFD10084A7E8 /* SFX_INTRO_HOP.wav */ = {isa = PBXFileReference; lastKnownFileType = audio.wav; path = SFX_INTRO_HOP.wav; sourceTree = "<group>"; };
		108090FE2D2DAFD10084A7E8 /* SFX_INTRO_LUNGE.wav */ = {isa = PBXFileReference; lastKnownFileType = audio.wav; path = SFX_INTRO_LUNGE.wav; sourceTree = "<group>"; };
		108090FF2D2DAFD10084A7E8 /* SFX_INTRO_RAISE.wav */ = {isa = PBXFileReference; lastKnownFileType = audio.wav; path = SFX_INTRO_RAISE.wav; sourceTree = "<group>"; };
		108091002D2DAFD10084A7E8 /* SFX_INTRO_WHOOSH.wav */ = {isa = PBXFileReference; lastKnownFileType = audio.wav; path = SFX_INTRO_WHOOSH.wav; sourceTree = "<group>"; };
		108091012D2DAFD10084A7E8 /* SFX_LEDGE.wav */ = {isa = PBXFileReference; lastKnownFileType = audio.wav; path = SFX_LEDGE.wav; sourceTree = "<group>"; };
		108091022D2DAFD10084A7E8 /* SFX_LEVEL_UP.wav */ = {isa = PBXFileReference; lastKnownFileType = audio.wav; path = SFX_LEVEL_UP.wav; sourceTree = "<group>"; };
		108091032D2DAFD10084A7E8 /* SFX_MUTED_SNARE_1.wav */ = {isa = PBXFileReference; lastKnownFileType = audio.wav; path = SFX_MUTED_SNARE_1.wav; sourceTree = "<group>"; };
		108091042D2DAFD10084A7E8 /* SFX_MUTED_SNARE_2.wav */ = {isa = PBXFileReference; lastKnownFileType = audio.wav; path = SFX_MUTED_SNARE_2.wav; sourceTree = "<group>"; };
		108091052D2DAFD10084A7E8 /* SFX_MUTED_SNARE_3.wav */ = {isa = PBXFileReference; lastKnownFileType = audio.wav; path = SFX_MUTED_SNARE_3.wav; sourceTree = "<group>"; };
		108091062D2DAFD10084A7E8 /* SFX_MUTED_SNARE_4.wav */ = {isa = PBXFileReference; lastKnownFileType = audio.wav; path = SFX_MUTED_SNARE_4.wav; sourceTree = "<group>"; };
		108091072D2DAFD10084A7E8 /* SFX_POISONED.wav */ = {isa = PBXFileReference; lastKnownFileType = audio.wav; path = SFX_POISONED.wav; sourceTree = "<group>"; };
		108091082D2DAFD10084A7E8 /* SFX_POKEDEX_RATING.wav */ = {isa = PBXFileReference; lastKnownFileType = audio.wav; path = SFX_POKEDEX_RATING.wav; sourceTree = "<group>"; };
		108091092D2DAFD10084A7E8 /* SFX_PRESS_AB.wav */ = {isa = PBXFileReference; lastKnownFileType = audio.wav; path = SFX_PRESS_AB.wav; sourceTree = "<group>"; };
		1080910A2D2DAFD10084A7E8 /* SFX_PURCHASE.wav */ = {isa = PBXFileReference; lastKnownFileType = audio.wav; path = SFX_PURCHASE.wav; sourceTree = "<group>"; };
		1080910B2D2DAFD10084A7E8 /* SFX_PUSH_BOULDER.wav */ = {isa = PBXFileReference; lastKnownFileType = audio.wav; path = SFX_PUSH_BOULDER.wav; sourceTree = "<group>"; };
		1080910C2D2DAFD10084A7E8 /* SFX_RUN.wav */ = {isa = PBXFileReference; lastKnownFileType = audio.wav; path = SFX_RUN.wav; sourceTree = "<group>"; };
		1080910D2D2DAFD10084A7E8 /* SFX_SAFARI_ZONE_PA.wav */ = {isa = PBXFileReference; lastKnownFileType = audio.wav; path = SFX_SAFARI_ZONE_PA.wav; sourceTree = "<group>"; };
		1080910E2D2DAFD10084A7E8 /* SFX_SAVE.wav */ = {isa = PBXFileReference; lastKnownFileType = audio.wav; path = SFX_SAVE.wav; sourceTree = "<group>"; };
		1080910F2D2DAFD10084A7E8 /* SFX_SHOOTING_STAR.wav */ = {isa = PBXFileReference; lastKnownFileType = audio.wav; path = SFX_SHOOTING_STAR.wav; sourceTree = "<group>"; };
		108091102D2DAFD10084A7E8 /* SFX_SHRINK.wav */ = {isa = PBXFileReference; lastKnownFileType = audio.wav; path = SFX_SHRINK.wav; sourceTree = "<group>"; };
		108091112D2DAFD10084A7E8 /* SFX_SILPH_SCOPE.wav */ = {isa = PBXFileReference; lastKnownFileType = audio.wav; path = SFX_SILPH_SCOPE.wav; sourceTree = "<group>"; };
		108091122D2DAFD10084A7E8 /* SFX_SLOTS_NEW_SPIN.wav */ = {isa = PBXFileReference; lastKnownFileType = audio.wav; path = SFX_SLOTS_NEW_SPIN.wav; sourceTree = "<group>"; };
		108091132D2DAFD10084A7E8 /* SFX_SLOTS_REWARD.wav */ = {isa = PBXFileReference; lastKnownFileType = audio.wav; path = SFX_SLOTS_REWARD.wav; sourceTree = "<group>"; };
		108091142D2DAFD10084A7E8 /* SFX_SLOTS_STOP_WHEEL.wav */ = {isa = PBXFileReference; lastKnownFileType = audio.wav; path = SFX_SLOTS_STOP_WHEEL.wav; sourceTree = "<group>"; };
		108091152D2DAFD10084A7E8 /* SFX_SNARE_1.wav */ = {isa = PBXFileReference; lastKnownFileType = audio.wav; path = SFX_SNARE_1.wav; sourceTree = "<group>"; };
		108091162D2DAFD10084A7E8 /* SFX_SNARE_2.wav */ = {isa = PBXFileReference; lastKnownFileType = audio.wav; path = SFX_SNARE_2.wav; sourceTree = "<group>"; };
		108091172D2DAFD10084A7E8 /* SFX_SNARE_3.wav */ = {isa = PBXFileReference; lastKnownFileType = audio.wav; path = SFX_SNARE_3.wav; sourceTree = "<group>"; };
		108091182D2DAFD10084A7E8 /* SFX_SNARE_4.wav */ = {isa = PBXFileReference; lastKnownFileType = audio.wav; path = SFX_SNARE_4.wav; sourceTree = "<group>"; };
		108091192D2DAFD10084A7E8 /* SFX_SNARE_5.wav */ = {isa = PBXFileReference; lastKnownFileType = audio.wav; path = SFX_SNARE_5.wav; sourceTree = "<group>"; };
		1080911A2D2DAFD10084A7E8 /* SFX_SNARE_6.wav */ = {isa = PBXFileReference; lastKnownFileType = audio.wav; path = SFX_SNARE_6.wav; sourceTree = "<group>"; };
		1080911B2D2DAFD10084A7E8 /* SFX_SNARE_7.wav */ = {isa = PBXFileReference; lastKnownFileType = audio.wav; path = SFX_SNARE_7.wav; sourceTree = "<group>"; };
		1080911C2D2DAFD10084A7E8 /* SFX_SNARE_8.wav */ = {isa = PBXFileReference; lastKnownFileType = audio.wav; path = SFX_SNARE_8.wav; sourceTree = "<group>"; };
		1080911D2D2DAFD10084A7E8 /* SFX_SNARE_9.wav */ = {isa = PBXFileReference; lastKnownFileType = audio.wav; path = SFX_SNARE_9.wav; sourceTree = "<group>"; };
		1080911E2D2DAFD10084A7E8 /* SFX_SS_ANNE_HORN.wav */ = {isa = PBXFileReference; lastKnownFileType = audio.wav; path = SFX_SS_ANNE_HORN.wav; sourceTree = "<group>"; };
		1080911F2D2DAFD10084A7E8 /* SFX_START_MENU.wav */ = {isa = PBXFileReference; lastKnownFileType = audio.wav; path = SFX_START_MENU.wav; sourceTree = "<group>"; };
		108091202D2DAFD10084A7E8 /* SFX_SWAP.wav */ = {isa = PBXFileReference; lastKnownFileType = audio.wav; path = SFX_SWAP.wav; sourceTree = "<group>"; };
		108091212D2DAFD10084A7E8 /* SFX_SWITCH.wav */ = {isa = PBXFileReference; lastKnownFileType = audio.wav; path = SFX_SWITCH.wav; sourceTree = "<group>"; };
		108091222D2DAFD10084A7E8 /* SFX_TELEPORT_ENTER_1.wav */ = {isa = PBXFileReference; lastKnownFileType = audio.wav; path = SFX_TELEPORT_ENTER_1.wav; sourceTree = "<group>"; };
		108091232D2DAFD10084A7E8 /* SFX_TELEPORT_ENTER_2.wav */ = {isa = PBXFileReference; lastKnownFileType = audio.wav; path = SFX_TELEPORT_ENTER_2.wav; sourceTree = "<group>"; };
		108091242D2DAFD10084A7E8 /* SFX_TELEPORT_EXIT_1.wav */ = {isa = PBXFileReference; lastKnownFileType = audio.wav; path = SFX_TELEPORT_EXIT_1.wav; sourceTree = "<group>"; };
		108091252D2DAFD10084A7E8 /* SFX_TELEPORT_EXIT_2.wav */ = {isa = PBXFileReference; lastKnownFileType = audio.wav; path = SFX_TELEPORT_EXIT_2.wav; sourceTree = "<group>"; };
		108091262D2DAFD10084A7E8 /* SFX_TINK.wav */ = {isa = PBXFileReference; lastKnownFileType = audio.wav; path = SFX_TINK.wav; sourceTree = "<group>"; };
		108091272D2DAFD10084A7E8 /* SFX_TRADE_MACHINE.wav */ = {isa = PBXFileReference; lastKnownFileType = audio.wav; path = SFX_TRADE_MACHINE.wav; sourceTree = "<group>"; };
		108091282D2DAFD10084A7E8 /* SFX_TRIANGLE_1.wav */ = {isa = PBXFileReference; lastKnownFileType = audio.wav; path = SFX_TRIANGLE_1.wav; sourceTree = "<group>"; };
		108091292D2DAFD10084A7E8 /* SFX_TRIANGLE_2.wav */ = {isa = PBXFileReference; lastKnownFileType = audio.wav; path = SFX_TRIANGLE_2.wav; sourceTree = "<group>"; };
		1080912A2D2DAFD10084A7E8 /* SFX_TRIANGLE_3.wav */ = {isa = PBXFileReference; lastKnownFileType = audio.wav; path = SFX_TRIANGLE_3.wav; sourceTree = "<group>"; };
		1080912B2D2DAFD10084A7E8 /* MUSIC_TURN_OFF_PC.wav */ = {isa = PBXFileReference; lastKnownFileType = audio.wav; path = MUSIC_TURN_OFF_PC.wav; sourceTree = "<group>"; };
		1080912C2D2DAFD10084A7E8 /* SFX_TURN_ON_PC.wav */ = {isa = PBXFileReference; lastKnownFileType = audio.wav; path = SFX_TURN_ON_PC.wav; sourceTree = "<group>"; };
		1080912D2D2DAFD10084A7E8 /* SFX_WITHDRAW_DEPOSIT.wav */ = {isa = PBXFileReference; lastKnownFileType = audio.wav; path = SFX_WITHDRAW_DEPOSIT.wav; sourceTree = "<group>"; };
		1080919F2D2DB4B20084A7E8 /* MUSIC_VICTORY.wav */ = {isa = PBXFileReference; lastKnownFileType = audio.wav; path = MUSIC_VICTORY.wav; sourceTree = "<group>"; };
		108091A12D2DB5890084A7E8 /* MUSIC_PROF_OAK.wav */ = {isa = PBXFileReference; lastKnownFileType = audio.wav; path = MUSIC_PROF_OAK.wav; sourceTree = "<group>"; };
		108091A32D2DB9AE0084A7E8 /* .wav */ = {isa = PBXFileReference; lastKnownFileType = file; path = .wav; sourceTree = "<group>"; };
		108091A52D2DB9B30084A7E8 /* File.txt */ = {isa = PBXFileReference; lastKnownFileType = text; path = File.txt; sourceTree = "<group>"; };
		108091A72D2DB9C30084A7E8 /* MUSIC_BATTLE.wav */ = {isa = PBXFileReference; lastKnownFileType = audio.wav; path = MUSIC_BATTLE.wav; sourceTree = "<group>"; };
		5641D52A75697D8F08D2E3FF /* Pods_partymon.framework */ = {isa = PBXFileReference; explicitFileType = wrapper.framework; includeInIndex = 0; path = Pods_partymon.framework; sourceTree = BUILT_PRODUCTS_DIR; };
		82F0E01C830A4AE5CD7F3CFB /* Pods-partymon.debug.xcconfig */ = {isa = PBXFileReference; includeInIndex = 1; lastKnownFileType = text.xcconfig; name = "Pods-partymon.debug.xcconfig"; path = "Target Support Files/Pods-partymon/Pods-partymon.debug.xcconfig"; sourceTree = "<group>"; };
		900FD60527DD3FEE006F9C3C /* BattleView.swift */ = {isa = PBXFileReference; lastKnownFileType = sourcecode.swift; path = BattleView.swift; sourceTree = "<group>"; };
		900FD60727DD41CA006F9C3C /* BattleIntro.swift */ = {isa = PBXFileReference; lastKnownFileType = sourcecode.swift; path = BattleIntro.swift; sourceTree = "<group>"; };
		900FD60A27DD41F6006F9C3C /* Battle.swift */ = {isa = PBXFileReference; lastKnownFileType = sourcecode.swift; path = Battle.swift; sourceTree = "<group>"; };
		900FD60C27DD4CC5006F9C3C /* Actions.swift */ = {isa = PBXFileReference; lastKnownFileType = sourcecode.swift; path = Actions.swift; sourceTree = "<group>"; };
		900FD60E27DDB2F1006F9C3C /* NewInvestorView.swift */ = {isa = PBXFileReference; lastKnownFileType = sourcecode.swift; path = NewInvestorView.swift; sourceTree = "<group>"; };
		900FD61027DEA059006F9C3C /* InvestorDetailView.swift */ = {isa = PBXFileReference; lastKnownFileType = sourcecode.swift; path = InvestorDetailView.swift; sourceTree = "<group>"; };
		900FD61227DEA3B9006F9C3C /* GetRarityColor.swift */ = {isa = PBXFileReference; lastKnownFileType = sourcecode.swift; path = GetRarityColor.swift; sourceTree = "<group>"; };
		900FD61427DEA9E6006F9C3C /* GoogleService-Info.plist */ = {isa = PBXFileReference; fileEncoding = 4; lastKnownFileType = text.plist.xml; path = "GoogleService-Info.plist"; sourceTree = "<group>"; };
		900FD61727DEAAB9006F9C3C /* Start.swift */ = {isa = PBXFileReference; lastKnownFileType = sourcecode.swift; path = Start.swift; sourceTree = "<group>"; };
		900FD61927DEAB2B006F9C3C /* Intro.swift */ = {isa = PBXFileReference; lastKnownFileType = sourcecode.swift; path = Intro.swift; sourceTree = "<group>"; };
		900FD61B27DEAB68006F9C3C /* Battles.swift */ = {isa = PBXFileReference; lastKnownFileType = sourcecode.swift; path = Battles.swift; sourceTree = "<group>"; };
		900FD61D27DEAD23006F9C3C /* Menu.swift */ = {isa = PBXFileReference; lastKnownFileType = sourcecode.swift; path = Menu.swift; sourceTree = "<group>"; };
		900FD61F27DEAD3F006F9C3C /* Progress.swift */ = {isa = PBXFileReference; lastKnownFileType = sourcecode.swift; path = Progress.swift; sourceTree = "<group>"; };
		900FD62127DEAD5E006F9C3C /* Restart.swift */ = {isa = PBXFileReference; lastKnownFileType = sourcecode.swift; path = Restart.swift; sourceTree = "<group>"; };
		900FD62327DEADA2006F9C3C /* CapTable.swift */ = {isa = PBXFileReference; lastKnownFileType = sourcecode.swift; path = CapTable.swift; sourceTree = "<group>"; };
		900FD62527DEAEC8006F9C3C /* NewInvestor.swift */ = {isa = PBXFileReference; lastKnownFileType = sourcecode.swift; path = NewInvestor.swift; sourceTree = "<group>"; };
		900FD62727DEAF41006F9C3C /* InvestorDetail.swift */ = {isa = PBXFileReference; lastKnownFileType = sourcecode.swift; path = InvestorDetail.swift; sourceTree = "<group>"; };
		900FD62927DEAF81006F9C3C /* InvestDex.swift */ = {isa = PBXFileReference; lastKnownFileType = sourcecode.swift; path = InvestDex.swift; sourceTree = "<group>"; };
		9020A1B427DC088000DEBD79 /* partymon.app */ = {isa = PBXFileReference; explicitFileType = wrapper.application; includeInIndex = 0; path = partymon.app; sourceTree = BUILT_PRODUCTS_DIR; };
		9020A1B727DC088000DEBD79 /* partymonApp.swift */ = {isa = PBXFileReference; lastKnownFileType = sourcecode.swift; path = partymonApp.swift; sourceTree = "<group>"; };
		9020A1B927DC088000DEBD79 /* ContentView.swift */ = {isa = PBXFileReference; lastKnownFileType = sourcecode.swift; path = ContentView.swift; sourceTree = "<group>"; };
		9020A1BB27DC088100DEBD79 /* Assets.xcassets */ = {isa = PBXFileReference; lastKnownFileType = folder.assetcatalog; path = Assets.xcassets; sourceTree = "<group>"; };
		9020A1BE27DC088100DEBD79 /* Preview Assets.xcassets */ = {isa = PBXFileReference; lastKnownFileType = folder.assetcatalog; path = "Preview Assets.xcassets"; sourceTree = "<group>"; };
		9020A1C627DC0D0700DEBD79 /* ColorManager.swift */ = {isa = PBXFileReference; lastKnownFileType = sourcecode.swift; path = ColorManager.swift; sourceTree = "<group>"; };
		9020A1CA27DC153B00DEBD79 /* ColorGrid.swift */ = {isa = PBXFileReference; lastKnownFileType = sourcecode.swift; path = ColorGrid.swift; sourceTree = "<group>"; };
		9020A1CC27DC1A3100DEBD79 /* BackgroundView.swift */ = {isa = PBXFileReference; lastKnownFileType = sourcecode.swift; path = BackgroundView.swift; sourceTree = "<group>"; };
		9020A1CE27DC1A8100DEBD79 /* GameboyView.swift */ = {isa = PBXFileReference; lastKnownFileType = sourcecode.swift; path = GameboyView.swift; sourceTree = "<group>"; };
		9020A1D027DC1B4B00DEBD79 /* GameboyControls.swift */ = {isa = PBXFileReference; lastKnownFileType = sourcecode.swift; path = GameboyControls.swift; sourceTree = "<group>"; };
		9020A1D327DC1F4E00DEBD79 /* Extensions.swift */ = {isa = PBXFileReference; lastKnownFileType = sourcecode.swift; path = Extensions.swift; sourceTree = "<group>"; };
		9020A1D527DC1F7B00DEBD79 /* LayoutManager.swift */ = {isa = PBXFileReference; lastKnownFileType = sourcecode.swift; path = LayoutManager.swift; sourceTree = "<group>"; };
		90ECC75C27FBCA1100D470E5 /* LoadingView.swift */ = {isa = PBXFileReference; lastKnownFileType = sourcecode.swift; path = LoadingView.swift; sourceTree = "<group>"; };
		90ECC75E27FBD00200D470E5 /* Loading.swift */ = {isa = PBXFileReference; lastKnownFileType = sourcecode.swift; path = Loading.swift; sourceTree = "<group>"; };
		90ECC76027FBE5ED00D470E5 /* User.swift */ = {isa = PBXFileReference; lastKnownFileType = sourcecode.swift; path = User.swift; sourceTree = "<group>"; };
		90ECC76227FD3D2200D470E5 /* Completed.swift */ = {isa = PBXFileReference; lastKnownFileType = sourcecode.swift; path = Completed.swift; sourceTree = "<group>"; };
		90ECC76427FD3D7700D470E5 /* CompletedView.swift */ = {isa = PBXFileReference; lastKnownFileType = sourcecode.swift; path = CompletedView.swift; sourceTree = "<group>"; };
		90ECC76827FD3F1500D470E5 /* ConfettiSwiftUI.swift */ = {isa = PBXFileReference; lastKnownFileType = sourcecode.swift; path = ConfettiSwiftUI.swift; sourceTree = "<group>"; };
		90ECC76A27FD3F1800D470E5 /* RoundedCross.swift */ = {isa = PBXFileReference; lastKnownFileType = sourcecode.swift; path = RoundedCross.swift; sourceTree = "<group>"; };
		90ECC76C27FD3F1A00D470E5 /* SlimRectangle.swift */ = {isa = PBXFileReference; lastKnownFileType = sourcecode.swift; path = SlimRectangle.swift; sourceTree = "<group>"; };
		90ECC76E27FD3F1C00D470E5 /* Triangle.swift */ = {isa = PBXFileReference; lastKnownFileType = sourcecode.swift; path = Triangle.swift; sourceTree = "<group>"; };
		90F19D4C27DD212800144521 /* CapTableView.swift */ = {isa = PBXFileReference; lastKnownFileType = sourcecode.swift; path = CapTableView.swift; sourceTree = "<group>"; };
		90F19D4E27DD22ED00144521 /* RestartView.swift */ = {isa = PBXFileReference; lastKnownFileType = sourcecode.swift; path = RestartView.swift; sourceTree = "<group>"; };
		90F19D5027DD276000144521 /* MenuView.swift */ = {isa = PBXFileReference; lastKnownFileType = sourcecode.swift; path = MenuView.swift; sourceTree = "<group>"; };
		90F19D5227DD2C0700144521 /* ProgressView.swift */ = {isa = PBXFileReference; lastKnownFileType = sourcecode.swift; path = ProgressView.swift; sourceTree = "<group>"; };
		90FBE4B427DEDA4100191E8D /* FontManager.swift */ = {isa = PBXFileReference; lastKnownFileType = sourcecode.swift; path = FontManager.swift; sourceTree = "<group>"; };
		90FDF31A27DC250C00F627BE /* PKMN_RBYGSC.ttf */ = {isa = PBXFileReference; lastKnownFileType = file; name = PKMN_RBYGSC.ttf; path = PKMN/PKMN_RBYGSC.ttf; sourceTree = SOURCE_ROOT; };
		90FDF31C27DC256600F627BE /* Info.plist */ = {isa = PBXFileReference; lastKnownFileType = text.plist; path = Info.plist; sourceTree = "<group>"; };
		90FDF32027DC2F4600F627BE /* GameboyButton.swift */ = {isa = PBXFileReference; lastKnownFileType = sourcecode.swift; path = GameboyButton.swift; sourceTree = "<group>"; };
		90FDF32227DC327000F627BE /* GameboyNumpad.swift */ = {isa = PBXFileReference; lastKnownFileType = sourcecode.swift; path = GameboyNumpad.swift; sourceTree = "<group>"; };
		90FDF32927DC423400F627BE /* StartView.swift */ = {isa = PBXFileReference; lastKnownFileType = sourcecode.swift; path = StartView.swift; sourceTree = "<group>"; };
		90FDF32B27DC42B600F627BE /* GameplayView.swift */ = {isa = PBXFileReference; lastKnownFileType = sourcecode.swift; path = GameplayView.swift; sourceTree = "<group>"; };
		90FDF32E27DC44AC00F627BE /* GameButton.swift */ = {isa = PBXFileReference; lastKnownFileType = sourcecode.swift; path = GameButton.swift; sourceTree = "<group>"; };
		90FDF33027DC484400F627BE /* Store.swift */ = {isa = PBXFileReference; lastKnownFileType = sourcecode.swift; path = Store.swift; sourceTree = "<group>"; };
		90FDF33327DC48AF00F627BE /* State.swift */ = {isa = PBXFileReference; lastKnownFileType = sourcecode.swift; path = State.swift; sourceTree = "<group>"; };
		90FDF33527DC4EF900F627BE /* IntroView.swift */ = {isa = PBXFileReference; lastKnownFileType = sourcecode.swift; path = IntroView.swift; sourceTree = "<group>"; };
		90FDF33727DC4F3400F627BE /* InvestDexView.swift */ = {isa = PBXFileReference; lastKnownFileType = sourcecode.swift; path = InvestDexView.swift; sourceTree = "<group>"; };
		90FDF33927DC565300F627BE /* Share.swift */ = {isa = PBXFileReference; lastKnownFileType = sourcecode.swift; path = Share.swift; sourceTree = "<group>"; };
		90FDF33B27DC614500F627BE /* InvestorItem.swift */ = {isa = PBXFileReference; lastKnownFileType = sourcecode.swift; path = InvestorItem.swift; sourceTree = "<group>"; };
		90FDF33D27DC660700F627BE /* InvestorModel.swift */ = {isa = PBXFileReference; lastKnownFileType = sourcecode.swift; path = InvestorModel.swift; sourceTree = "<group>"; };
		90FDF34027DD0CFE00F627BE /* AnimatedText.swift */ = {isa = PBXFileReference; lastKnownFileType = sourcecode.swift; path = AnimatedText.swift; sourceTree = "<group>"; };
/* End PBXFileReference section */

/* Begin PBXFrameworksBuildPhase section */
		9020A1B127DC088000DEBD79 /* Frameworks */ = {
			isa = PBXFrameworksBuildPhase;
			buildActionMask = 2147483647;
			files = (
				EFD9B1142177B084AA2BF0EE /* Pods_partymon.framework in Frameworks */,
			);
			runOnlyForDeploymentPostprocessing = 0;
		};
/* End PBXFrameworksBuildPhase section */

/* Begin PBXGroup section */
		10808FD92D2DAFB00084A7E8 /* SFX */ = {
			isa = PBXGroup;
			children = (
				108090BD2D2DAFD10084A7E8 /* SFX_59.wav */,
				108090BE2D2DAFD10084A7E8 /* SFX_ARROW_TILES.wav */,
				108090BF2D2DAFD10084A7E8 /* SFX_BALL_POOF.wav */,
				108090C02D2DAFD10084A7E8 /* SFX_BALL_TOSS.wav */,
				108090C12D2DAFD10084A7E8 /* MUSIC_CAUGHT_MON.wav */,
				108090C22D2DAFD10084A7E8 /* SFX_COLLISION.wav */,
				108090C32D2DAFD10084A7E8 /* SFX_CRY_00.wav */,
				108090C42D2DAFD10084A7E8 /* SFX_CRY_0A.wav */,
				108090C52D2DAFD10084A7E8 /* SFX_CRY_0B.wav */,
				108090C62D2DAFD10084A7E8 /* SFX_CRY_0C.wav */,
				108090C72D2DAFD10084A7E8 /* SFX_CRY_0D.wav */,
				108090C82D2DAFD10084A7E8 /* SFX_CRY_0E.wav */,
				108090C92D2DAFD10084A7E8 /* SFX_CRY_0F.wav */,
				108090CA2D2DAFD10084A7E8 /* SFX_CRY_01.wav */,
				108090CB2D2DAFD10084A7E8 /* SFX_CRY_1A.wav */,
				108090CC2D2DAFD10084A7E8 /* SFX_CRY_1B.wav */,
				108090CD2D2DAFD10084A7E8 /* SFX_CRY_1C.wav */,
				108090CE2D2DAFD10084A7E8 /* SFX_CRY_1D.wav */,
				108090CF2D2DAFD10084A7E8 /* SFX_CRY_1E.wav */,
				108090D02D2DAFD10084A7E8 /* SFX_CRY_1F.wav */,
				108090D12D2DAFD10084A7E8 /* SFX_CRY_02.wav */,
				108090D22D2DAFD10084A7E8 /* SFX_CRY_03.wav */,
				108090D32D2DAFD10084A7E8 /* SFX_CRY_04.wav */,
				108090D42D2DAFD10084A7E8 /* SFX_CRY_05.wav */,
				108090D52D2DAFD10084A7E8 /* SFX_CRY_06.wav */,
				108090D62D2DAFD10084A7E8 /* SFX_CRY_07.wav */,
				108090D72D2DAFD10084A7E8 /* SFX_CRY_08.wav */,
				108090D82D2DAFD10084A7E8 /* SFX_CRY_09.wav */,
				108090D92D2DAFD10084A7E8 /* SFX_CRY_10.wav */,
				108090DA2D2DAFD10084A7E8 /* SFX_CRY_11.wav */,
				108090DB2D2DAFD10084A7E8 /* SFX_CRY_12.wav */,
				108090DC2D2DAFD10084A7E8 /* SFX_CRY_13.wav */,
				108090DD2D2DAFD10084A7E8 /* SFX_CRY_14.wav */,
				108090DE2D2DAFD10084A7E8 /* SFX_CRY_15.wav */,
				108090DF2D2DAFD10084A7E8 /* SFX_CRY_16.wav */,
				108090E02D2DAFD10084A7E8 /* SFX_CRY_17.wav */,
				108090E12D2DAFD10084A7E8 /* SFX_CRY_18.wav */,
				108090E22D2DAFD10084A7E8 /* SFX_CRY_19.wav */,
				108091A32D2DB9AE0084A7E8 /* .wav */,
				108090E32D2DAFD10084A7E8 /* SFX_CRY_20.wav */,
				108090E42D2DAFD10084A7E8 /* SFX_CRY_21.wav */,
				108090E52D2DAFD10084A7E8 /* SFX_CRY_22.wav */,
				108090E62D2DAFD10084A7E8 /* SFX_CRY_23.wav */,
				108090E72D2DAFD10084A7E8 /* SFX_CRY_24.wav */,
				108090E82D2DAFD10084A7E8 /* SFX_CRY_25.wav */,
				108090E92D2DAFD10084A7E8 /* SFX_CUT.wav */,
				108090EA2D2DAFD10084A7E8 /* SFX_CYMBAL_1.wav */,
				108090EB2D2DAFD10084A7E8 /* SFX_CYMBAL_2.wav */,
				108090EC2D2DAFD10084A7E8 /* SFX_CYMBAL_3.wav */,
				108090ED2D2DAFD10084A7E8 /* SFX_DENIED.wav */,
				108090EE2D2DAFD10084A7E8 /* SFX_DEX_PAGE_ADDED.wav */,
				108090EF2D2DAFD10084A7E8 /* SFX_ENTER_PC.wav */,
				108090F02D2DAFD10084A7E8 /* SFX_FAINT_FALL.wav */,
				108090F12D2DAFD10084A7E8 /* SFX_FAINT_THUD.wav */,
				108090F22D2DAFD10084A7E8 /* SFX_FLY.wav */,
				108090F32D2DAFD10084A7E8 /* SFX_GET_ITEM_1.wav */,
				108090F42D2DAFD10084A7E8 /* SFX_GET_ITEM_2.wav */,
				108090F52D2DAFD10084A7E8 /* MUSIC_GET_KEY_ITEM.wav */,
				108090F62D2DAFD10084A7E8 /* SFX_GO_INSIDE.wav */,
				108090F72D2DAFD10084A7E8 /* SFX_GO_OUTSIDE.wav */,
				108090F82D2DAFD10084A7E8 /* SFX_HEAL_AILMENT.wav */,
				108090F92D2DAFD10084A7E8 /* SFX_HEAL_UP.wav */,
				108090FA2D2DAFD10084A7E8 /* SFX_HEALING_MACHINE.wav */,
				108090FB2D2DAFD10084A7E8 /* SFX_INTRO_CRASH.wav */,
				108090FC2D2DAFD10084A7E8 /* SFX_INTRO_HIP.wav */,
				108090FD2D2DAFD10084A7E8 /* SFX_INTRO_HOP.wav */,
				108090FE2D2DAFD10084A7E8 /* SFX_INTRO_LUNGE.wav */,
				108090FF2D2DAFD10084A7E8 /* SFX_INTRO_RAISE.wav */,
				108091002D2DAFD10084A7E8 /* SFX_INTRO_WHOOSH.wav */,
				108091012D2DAFD10084A7E8 /* SFX_LEDGE.wav */,
				108091022D2DAFD10084A7E8 /* SFX_LEVEL_UP.wav */,
				108091032D2DAFD10084A7E8 /* SFX_MUTED_SNARE_1.wav */,
				108091042D2DAFD10084A7E8 /* SFX_MUTED_SNARE_2.wav */,
				108091052D2DAFD10084A7E8 /* SFX_MUTED_SNARE_3.wav */,
				108091A52D2DB9B30084A7E8 /* File.txt */,
				108091062D2DAFD10084A7E8 /* SFX_MUTED_SNARE_4.wav */,
				108091072D2DAFD10084A7E8 /* SFX_POISONED.wav */,
				108091082D2DAFD10084A7E8 /* SFX_POKEDEX_RATING.wav */,
				108091092D2DAFD10084A7E8 /* SFX_PRESS_AB.wav */,
				1080910A2D2DAFD10084A7E8 /* SFX_PURCHASE.wav */,
				1080910B2D2DAFD10084A7E8 /* SFX_PUSH_BOULDER.wav */,
				1080910C2D2DAFD10084A7E8 /* SFX_RUN.wav */,
				1080910D2D2DAFD10084A7E8 /* SFX_SAFARI_ZONE_PA.wav */,
				1080910E2D2DAFD10084A7E8 /* SFX_SAVE.wav */,
				1080910F2D2DAFD10084A7E8 /* SFX_SHOOTING_STAR.wav */,
				108091102D2DAFD10084A7E8 /* SFX_SHRINK.wav */,
				108091112D2DAFD10084A7E8 /* SFX_SILPH_SCOPE.wav */,
				108091122D2DAFD10084A7E8 /* SFX_SLOTS_NEW_SPIN.wav */,
				108091132D2DAFD10084A7E8 /* SFX_SLOTS_REWARD.wav */,
				108091142D2DAFD10084A7E8 /* SFX_SLOTS_STOP_WHEEL.wav */,
				108091152D2DAFD10084A7E8 /* SFX_SNARE_1.wav */,
				108091162D2DAFD10084A7E8 /* SFX_SNARE_2.wav */,
				108091172D2DAFD10084A7E8 /* SFX_SNARE_3.wav */,
				108091182D2DAFD10084A7E8 /* SFX_SNARE_4.wav */,
				108091192D2DAFD10084A7E8 /* SFX_SNARE_5.wav */,
				1080911A2D2DAFD10084A7E8 /* SFX_SNARE_6.wav */,
				1080911B2D2DAFD10084A7E8 /* SFX_SNARE_7.wav */,
				1080911C2D2DAFD10084A7E8 /* SFX_SNARE_8.wav */,
				1080911D2D2DAFD10084A7E8 /* SFX_SNARE_9.wav */,
				1080911E2D2DAFD10084A7E8 /* SFX_SS_ANNE_HORN.wav */,
				1080911F2D2DAFD10084A7E8 /* SFX_START_MENU.wav */,
				108091202D2DAFD10084A7E8 /* SFX_SWAP.wav */,
				108091212D2DAFD10084A7E8 /* SFX_SWITCH.wav */,
				108091222D2DAFD10084A7E8 /* SFX_TELEPORT_ENTER_1.wav */,
				108091232D2DAFD10084A7E8 /* SFX_TELEPORT_ENTER_2.wav */,
				108091242D2DAFD10084A7E8 /* SFX_TELEPORT_EXIT_1.wav */,
				108091252D2DAFD10084A7E8 /* SFX_TELEPORT_EXIT_2.wav */,
				108091262D2DAFD10084A7E8 /* SFX_TINK.wav */,
				108091272D2DAFD10084A7E8 /* SFX_TRADE_MACHINE.wav */,
				108091282D2DAFD10084A7E8 /* SFX_TRIANGLE_1.wav */,
				108091292D2DAFD10084A7E8 /* SFX_TRIANGLE_2.wav */,
				1080912A2D2DAFD10084A7E8 /* SFX_TRIANGLE_3.wav */,
				1080912B2D2DAFD10084A7E8 /* MUSIC_TURN_OFF_PC.wav */,
				1080912C2D2DAFD10084A7E8 /* SFX_TURN_ON_PC.wav */,
				1080912D2D2DAFD10084A7E8 /* SFX_WITHDRAW_DEPOSIT.wav */,
				1080919F2D2DB4B20084A7E8 /* MUSIC_VICTORY.wav */,
				108091A12D2DB5890084A7E8 /* MUSIC_PROF_OAK.wav */,
				108091A72D2DB9C30084A7E8 /* MUSIC_BATTLE.wav */,
			);
			path = SFX;
			sourceTree = "<group>";
		};
		52416E2C0D65E61D3A3F02CB /* Pods */ = {
			isa = PBXGroup;
			children = (
				82F0E01C830A4AE5CD7F3CFB /* Pods-partymon.debug.xcconfig */,
				0F1205C979B2E6FF326B1C48 /* Pods-partymon.release.xcconfig */,
			);
			path = Pods;
			sourceTree = "<group>";
		};
		8BF40C0F12576E04901073D3 /* Frameworks */ = {
			isa = PBXGroup;
			children = (
				5641D52A75697D8F08D2E3FF /* Pods_partymon.framework */,
			);
			name = Frameworks;
			sourceTree = "<group>";
		};
		900FD60927DD41CD006F9C3C /* Battle */ = {
			isa = PBXGroup;
			children = (
				900FD60527DD3FEE006F9C3C /* BattleView.swift */,
				900FD60727DD41CA006F9C3C /* BattleIntro.swift */,
				900FD60A27DD41F6006F9C3C /* Battle.swift */,
				900FD60C27DD4CC5006F9C3C /* Actions.swift */,
			);
			path = Battle;
			sourceTree = "<group>";
		};
		900FD61627DEAA34006F9C3C /* Logic */ = {
			isa = PBXGroup;
			children = (
				900FD61727DEAAB9006F9C3C /* Start.swift */,
				900FD61927DEAB2B006F9C3C /* Intro.swift */,
				900FD61B27DEAB68006F9C3C /* Battles.swift */,
				900FD61D27DEAD23006F9C3C /* Menu.swift */,
				900FD61F27DEAD3F006F9C3C /* Progress.swift */,
				900FD62127DEAD5E006F9C3C /* Restart.swift */,
				900FD62327DEADA2006F9C3C /* CapTable.swift */,
				900FD62527DEAEC8006F9C3C /* NewInvestor.swift */,
				900FD62727DEAF41006F9C3C /* InvestorDetail.swift */,
				900FD62927DEAF81006F9C3C /* InvestDex.swift */,
				90ECC75E27FBD00200D470E5 /* Loading.swift */,
				90ECC76227FD3D2200D470E5 /* Completed.swift */,
			);
			path = Logic;
			sourceTree = "<group>";
		};
		9020A1AB27DC088000DEBD79 = {
			isa = PBXGroup;
			children = (
				9020A1B627DC088000DEBD79 /* partymon */,
				9020A1B527DC088000DEBD79 /* Products */,
				52416E2C0D65E61D3A3F02CB /* Pods */,
				8BF40C0F12576E04901073D3 /* Frameworks */,
			);
			sourceTree = "<group>";
		};
		9020A1B527DC088000DEBD79 /* Products */ = {
			isa = PBXGroup;
			children = (
				9020A1B427DC088000DEBD79 /* partymon.app */,
			);
			name = Products;
			sourceTree = "<group>";
		};
		9020A1B627DC088000DEBD79 /* partymon */ = {
			isa = PBXGroup;
			children = (
				9020A1B727DC088000DEBD79 /* partymonApp.swift */,
				9020A1B927DC088000DEBD79 /* ContentView.swift */,
				90ECC77127FD3F2D00D470E5 /* Confetti */,
				90FDF33227DC484700F627BE /* Data */,
				90FDF33F27DC664900F627BE /* Models */,
				9020A1D227DC1F4000DEBD79 /* Utilities */,
				9020A1C527DC0CFB00DEBD79 /* Brand */,
				90FDF32827DC422900F627BE /* Gameplay */,
				90FDF32727DC3DAE00F627BE /* Gameboy */,
				90FDF32627DC3DA500F627BE /* Background */,
				9020A1BB27DC088100DEBD79 /* Assets.xcassets */,
				10808FD92D2DAFB00084A7E8 /* SFX */,
				90FDF31C27DC256600F627BE /* Info.plist */,
				900FD61427DEA9E6006F9C3C /* GoogleService-Info.plist */,
				90FDF31A27DC250C00F627BE /* PKMN_RBYGSC.ttf */,
				9020A1BD27DC088100DEBD79 /* Preview Content */,
			);
			path = partymon;
			sourceTree = "<group>";
		};
		9020A1BD27DC088100DEBD79 /* Preview Content */ = {
			isa = PBXGroup;
			children = (
				9020A1BE27DC088100DEBD79 /* Preview Assets.xcassets */,
			);
			path = "Preview Content";
			sourceTree = "<group>";
		};
		9020A1C527DC0CFB00DEBD79 /* Brand */ = {
			isa = PBXGroup;
			children = (
				9020A1C627DC0D0700DEBD79 /* ColorManager.swift */,
				9020A1D527DC1F7B00DEBD79 /* LayoutManager.swift */,
				90FBE4B427DEDA4100191E8D /* FontManager.swift */,
			);
			path = Brand;
			sourceTree = "<group>";
		};
		9020A1D227DC1F4000DEBD79 /* Utilities */ = {
			isa = PBXGroup;
			children = (
				9020A1D327DC1F4E00DEBD79 /* Extensions.swift */,
				90FDF33927DC565300F627BE /* Share.swift */,
				900FD61227DEA3B9006F9C3C /* GetRarityColor.swift */,
			);
			path = Utilities;
			sourceTree = "<group>";
		};
		90ECC77027FD3F2800D470E5 /* Shapes */ = {
			isa = PBXGroup;
			children = (
				90ECC76A27FD3F1800D470E5 /* RoundedCross.swift */,
				90ECC76C27FD3F1A00D470E5 /* SlimRectangle.swift */,
				90ECC76E27FD3F1C00D470E5 /* Triangle.swift */,
			);
			path = Shapes;
			sourceTree = "<group>";
		};
		90ECC77127FD3F2D00D470E5 /* Confetti */ = {
			isa = PBXGroup;
			children = (
				90ECC76827FD3F1500D470E5 /* ConfettiSwiftUI.swift */,
				90ECC77027FD3F2800D470E5 /* Shapes */,
			);
			path = Confetti;
			sourceTree = "<group>";
		};
		90FDF32627DC3DA500F627BE /* Background */ = {
			isa = PBXGroup;
			children = (
				9020A1CC27DC1A3100DEBD79 /* BackgroundView.swift */,
				9020A1CA27DC153B00DEBD79 /* ColorGrid.swift */,
			);
			path = Background;
			sourceTree = "<group>";
		};
		90FDF32727DC3DAE00F627BE /* Gameboy */ = {
			isa = PBXGroup;
			children = (
				9020A1D027DC1B4B00DEBD79 /* GameboyControls.swift */,
				9020A1CE27DC1A8100DEBD79 /* GameboyView.swift */,
				90FDF32027DC2F4600F627BE /* GameboyButton.swift */,
				90FDF32227DC327000F627BE /* GameboyNumpad.swift */,
			);
			path = Gameboy;
			sourceTree = "<group>";
		};
		90FDF32827DC422900F627BE /* Gameplay */ = {
			isa = PBXGroup;
			children = (
				90FDF32D27DC44A300F627BE /* Views */,
				900FD60927DD41CD006F9C3C /* Battle */,
				90FDF32927DC423400F627BE /* StartView.swift */,
				90F19D5027DD276000144521 /* MenuView.swift */,
				900FD61027DEA059006F9C3C /* InvestorDetailView.swift */,
				90F19D4E27DD22ED00144521 /* RestartView.swift */,
				90FDF33527DC4EF900F627BE /* IntroView.swift */,
				90F19D5227DD2C0700144521 /* ProgressView.swift */,
				90ECC75C27FBCA1100D470E5 /* LoadingView.swift */,
				90ECC76427FD3D7700D470E5 /* CompletedView.swift */,
				90F19D4C27DD212800144521 /* CapTableView.swift */,
				90FDF33727DC4F3400F627BE /* InvestDexView.swift */,
				90FDF32B27DC42B600F627BE /* GameplayView.swift */,
				900FD60E27DDB2F1006F9C3C /* NewInvestorView.swift */,
			);
			path = Gameplay;
			sourceTree = "<group>";
		};
		90FDF32D27DC44A300F627BE /* Views */ = {
			isa = PBXGroup;
			children = (
				90FDF32E27DC44AC00F627BE /* GameButton.swift */,
				90FDF33B27DC614500F627BE /* InvestorItem.swift */,
				90FDF34027DD0CFE00F627BE /* AnimatedText.swift */,
			);
			path = Views;
			sourceTree = "<group>";
		};
		90FDF33227DC484700F627BE /* Data */ = {
			isa = PBXGroup;
			children = (
				90FDF33027DC484400F627BE /* Store.swift */,
				90FDF33327DC48AF00F627BE /* State.swift */,
				900FD61627DEAA34006F9C3C /* Logic */,
			);
			path = Data;
			sourceTree = "<group>";
		};
		90FDF33F27DC664900F627BE /* Models */ = {
			isa = PBXGroup;
			children = (
				10808E832D2DACCD0084A7E8 /* AudioPlayerViewModel.swift */,
				90FDF33D27DC660700F627BE /* InvestorModel.swift */,
				90ECC76027FBE5ED00D470E5 /* User.swift */,
			);
			path = Models;
			sourceTree = "<group>";
		};
/* End PBXGroup section */

/* Begin PBXNativeTarget section */
		9020A1B327DC088000DEBD79 /* partymon */ = {
			isa = PBXNativeTarget;
			buildConfigurationList = 9020A1C227DC088100DEBD79 /* Build configuration list for PBXNativeTarget "partymon" */;
			buildPhases = (
				9D07FED51A9FDCB9F8053832 /* [CP] Check Pods Manifest.lock */,
				9020A1B027DC088000DEBD79 /* Sources */,
				9020A1B127DC088000DEBD79 /* Frameworks */,
				9020A1B227DC088000DEBD79 /* Resources */,
				E5EA27586E7545796583DDE6 /* [CP] Embed Pods Frameworks */,
			);
			buildRules = (
			);
			dependencies = (
			);
			name = partymon;
			productName = partymon;
			productReference = 9020A1B427DC088000DEBD79 /* partymon.app */;
			productType = "com.apple.product-type.application";
		};
/* End PBXNativeTarget section */

/* Begin PBXProject section */
		9020A1AC27DC088000DEBD79 /* Project object */ = {
			isa = PBXProject;
			attributes = {
				BuildIndependentTargetsInParallel = 1;
				LastSwiftUpdateCheck = 1320;
				LastUpgradeCheck = 1320;
				TargetAttributes = {
					9020A1B327DC088000DEBD79 = {
						CreatedOnToolsVersion = 13.2.1;
					};
				};
			};
			buildConfigurationList = 9020A1AF27DC088000DEBD79 /* Build configuration list for PBXProject "InvestDex" */;
			compatibilityVersion = "Xcode 13.0";
			developmentRegion = en;
			hasScannedForEncodings = 0;
			knownRegions = (
				en,
				Base,
			);
			mainGroup = 9020A1AB27DC088000DEBD79;
			productRefGroup = 9020A1B527DC088000DEBD79 /* Products */;
			projectDirPath = "";
			projectRoot = "";
			targets = (
				9020A1B327DC088000DEBD79 /* partymon */,
			);
		};
/* End PBXProject section */

/* Begin PBXResourcesBuildPhase section */
		9020A1B227DC088000DEBD79 /* Resources */ = {
			isa = PBXResourcesBuildPhase;
			buildActionMask = 2147483647;
			files = (
				900FD61527DEA9E6006F9C3C /* GoogleService-Info.plist in Resources */,
				1080912E2D2DAFD10084A7E8 /* SFX_CRY_1A.wav in Resources */,
				1080912F2D2DAFD10084A7E8 /* SFX_CRY_1E.wav in Resources */,
				108091302D2DAFD10084A7E8 /* SFX_SLOTS_NEW_SPIN.wav in Resources */,
				108091A82D2DB9C30084A7E8 /* MUSIC_BATTLE.wav in Resources */,
				108091A42D2DB9AE0084A7E8 /* .wav in Resources */,
				108091312D2DAFD10084A7E8 /* SFX_COLLISION.wav in Resources */,
				108091322D2DAFD10084A7E8 /* SFX_SLOTS_STOP_WHEEL.wav in Resources */,
				108091332D2DAFD10084A7E8 /* SFX_CRY_25.wav in Resources */,
				108091342D2DAFD10084A7E8 /* SFX_ARROW_TILES.wav in Resources */,
				108091A22D2DB5890084A7E8 /* MUSIC_PROF_OAK.wav in Resources */,
				108091352D2DAFD10084A7E8 /* SFX_SAVE.wav in Resources */,
				108091362D2DAFD10084A7E8 /* SFX_GET_ITEM_1.wav in Resources */,
				108091372D2DAFD10084A7E8 /* SFX_HEAL_UP.wav in Resources */,
				108091382D2DAFD10084A7E8 /* SFX_INTRO_CRASH.wav in Resources */,
				108091392D2DAFD10084A7E8 /* SFX_CRY_24.wav in Resources */,
				1080913A2D2DAFD10084A7E8 /* SFX_CRY_16.wav in Resources */,
				1080913B2D2DAFD10084A7E8 /* SFX_CRY_1F.wav in Resources */,
				1080913C2D2DAFD10084A7E8 /* SFX_TELEPORT_EXIT_1.wav in Resources */,
				1080913D2D2DAFD10084A7E8 /* SFX_SNARE_4.wav in Resources */,
				1080913E2D2DAFD10084A7E8 /* SFX_CRY_1B.wav in Resources */,
				1080913F2D2DAFD10084A7E8 /* SFX_CRY_03.wav in Resources */,
				108091402D2DAFD10084A7E8 /* SFX_START_MENU.wav in Resources */,
				108091412D2DAFD10084A7E8 /* SFX_INTRO_HIP.wav in Resources */,
				108091422D2DAFD10084A7E8 /* SFX_CRY_11.wav in Resources */,
				108091432D2DAFD10084A7E8 /* SFX_SNARE_8.wav in Resources */,
				108091442D2DAFD10084A7E8 /* SFX_SNARE_9.wav in Resources */,
				108091452D2DAFD10084A7E8 /* SFX_CRY_20.wav in Resources */,
				108091462D2DAFD10084A7E8 /* SFX_CRY_0A.wav in Resources */,
				108091472D2DAFD10084A7E8 /* SFX_MUTED_SNARE_2.wav in Resources */,
				108091482D2DAFD10084A7E8 /* SFX_BALL_POOF.wav in Resources */,
				108091492D2DAFD10084A7E8 /* SFX_TRADE_MACHINE.wav in Resources */,
				1080914A2D2DAFD10084A7E8 /* SFX_CRY_0E.wav in Resources */,
				1080914B2D2DAFD10084A7E8 /* SFX_POISONED.wav in Resources */,
				1080914C2D2DAFD10084A7E8 /* SFX_CRY_0C.wav in Resources */,
				1080914D2D2DAFD10084A7E8 /* SFX_POKEDEX_RATING.wav in Resources */,
				1080914E2D2DAFD10084A7E8 /* SFX_CYMBAL_3.wav in Resources */,
				1080914F2D2DAFD10084A7E8 /* SFX_SS_ANNE_HORN.wav in Resources */,
				108091502D2DAFD10084A7E8 /* SFX_CRY_0D.wav in Resources */,
				108091A02D2DB4B20084A7E8 /* MUSIC_VICTORY.wav in Resources */,
				108091512D2DAFD10084A7E8 /* SFX_CRY_10.wav in Resources */,
				108091522D2DAFD10084A7E8 /* SFX_GET_ITEM_2.wav in Resources */,
				108091532D2DAFD10084A7E8 /* SFX_CRY_00.wav in Resources */,
				108091542D2DAFD10084A7E8 /* SFX_MUTED_SNARE_3.wav in Resources */,
				108091552D2DAFD10084A7E8 /* SFX_CRY_1D.wav in Resources */,
				108091562D2DAFD10084A7E8 /* SFX_CRY_09.wav in Resources */,
				108091572D2DAFD10084A7E8 /* SFX_GO_OUTSIDE.wav in Resources */,
				108091582D2DAFD10084A7E8 /* SFX_CRY_23.wav in Resources */,
				108091592D2DAFD10084A7E8 /* SFX_FAINT_FALL.wav in Resources */,
				1080915A2D2DAFD10084A7E8 /* SFX_DEX_PAGE_ADDED.wav in Resources */,
				1080915B2D2DAFD10084A7E8 /* SFX_CRY_02.wav in Resources */,
				1080915C2D2DAFD10084A7E8 /* SFX_SNARE_5.wav in Resources */,
				1080915D2D2DAFD10084A7E8 /* SFX_SNARE_7.wav in Resources */,
				1080915E2D2DAFD10084A7E8 /* SFX_WITHDRAW_DEPOSIT.wav in Resources */,
				1080915F2D2DAFD10084A7E8 /* SFX_CYMBAL_2.wav in Resources */,
				108091602D2DAFD10084A7E8 /* SFX_CRY_01.wav in Resources */,
				108091612D2DAFD10084A7E8 /* SFX_SWITCH.wav in Resources */,
				108091622D2DAFD10084A7E8 /* SFX_TRIANGLE_3.wav in Resources */,
				108091632D2DAFD10084A7E8 /* SFX_CRY_04.wav in Resources */,
				108091642D2DAFD10084A7E8 /* MUSIC_CAUGHT_MON.wav in Resources */,
				108091652D2DAFD10084A7E8 /* SFX_SNARE_2.wav in Resources */,
				108091662D2DAFD10084A7E8 /* SFX_CRY_13.wav in Resources */,
				108091672D2DAFD10084A7E8 /* SFX_CRY_22.wav in Resources */,
				108091682D2DAFD10084A7E8 /* SFX_LEDGE.wav in Resources */,
				108091692D2DAFD10084A7E8 /* SFX_SNARE_6.wav in Resources */,
				1080916A2D2DAFD10084A7E8 /* SFX_CRY_14.wav in Resources */,
				1080916B2D2DAFD10084A7E8 /* SFX_DENIED.wav in Resources */,
				1080916C2D2DAFD10084A7E8 /* SFX_CUT.wav in Resources */,
				1080916D2D2DAFD10084A7E8 /* SFX_GO_INSIDE.wav in Resources */,
				1080916E2D2DAFD10084A7E8 /* SFX_CRY_0F.wav in Resources */,
				1080916F2D2DAFD10084A7E8 /* SFX_SHOOTING_STAR.wav in Resources */,
				108091702D2DAFD10084A7E8 /* SFX_59.wav in Resources */,
				108091712D2DAFD10084A7E8 /* SFX_SWAP.wav in Resources */,
				108091722D2DAFD10084A7E8 /* SFX_CRY_19.wav in Resources */,
				108091732D2DAFD10084A7E8 /* SFX_CRY_06.wav in Resources */,
				108091742D2DAFD10084A7E8 /* SFX_CRY_05.wav in Resources */,
				108091752D2DAFD10084A7E8 /* SFX_CRY_18.wav in Resources */,
				108091762D2DAFD10084A7E8 /* SFX_MUTED_SNARE_4.wav in Resources */,
				108091772D2DAFD10084A7E8 /* SFX_TRIANGLE_1.wav in Resources */,
				108091782D2DAFD10084A7E8 /* SFX_TRIANGLE_2.wav in Resources */,
				108091792D2DAFD10084A7E8 /* SFX_SNARE_3.wav in Resources */,
				1080917A2D2DAFD10084A7E8 /* SFX_SILPH_SCOPE.wav in Resources */,
				1080917B2D2DAFD10084A7E8 /* SFX_TINK.wav in Resources */,
				1080917C2D2DAFD10084A7E8 /* SFX_CRY_15.wav in Resources */,
				1080917D2D2DAFD10084A7E8 /* SFX_CYMBAL_1.wav in Resources */,
				1080917E2D2DAFD10084A7E8 /* SFX_HEALING_MACHINE.wav in Resources */,
				1080917F2D2DAFD10084A7E8 /* SFX_TELEPORT_EXIT_2.wav in Resources */,
				108091802D2DAFD10084A7E8 /* SFX_MUTED_SNARE_1.wav in Resources */,
				108091812D2DAFD10084A7E8 /* SFX_CRY_08.wav in Resources */,
				108091822D2DAFD10084A7E8 /* SFX_PRESS_AB.wav in Resources */,
				108091832D2DAFD10084A7E8 /* SFX_TURN_ON_PC.wav in Resources */,
				108091842D2DAFD10084A7E8 /* SFX_SLOTS_REWARD.wav in Resources */,
				108091852D2DAFD10084A7E8 /* SFX_PUSH_BOULDER.wav in Resources */,
				108091862D2DAFD10084A7E8 /* SFX_TELEPORT_ENTER_1.wav in Resources */,
				108091872D2DAFD10084A7E8 /* SFX_ENTER_PC.wav in Resources */,
				108091882D2DAFD10084A7E8 /* SFX_INTRO_LUNGE.wav in Resources */,
				108091892D2DAFD10084A7E8 /* SFX_SHRINK.wav in Resources */,
				1080918A2D2DAFD10084A7E8 /* SFX_CRY_07.wav in Resources */,
				1080918B2D2DAFD10084A7E8 /* SFX_CRY_1C.wav in Resources */,
				1080918C2D2DAFD10084A7E8 /* SFX_PURCHASE.wav in Resources */,
				1080918D2D2DAFD10084A7E8 /* SFX_HEAL_AILMENT.wav in Resources */,
				1080918E2D2DAFD10084A7E8 /* SFX_CRY_17.wav in Resources */,
				1080918F2D2DAFD10084A7E8 /* SFX_CRY_12.wav in Resources */,
				108091902D2DAFD10084A7E8 /* SFX_TELEPORT_ENTER_2.wav in Resources */,
				108091912D2DAFD10084A7E8 /* SFX_CRY_21.wav in Resources */,
				108091922D2DAFD10084A7E8 /* SFX_RUN.wav in Resources */,
				108091932D2DAFD10084A7E8 /* SFX_SAFARI_ZONE_PA.wav in Resources */,
				108091942D2DAFD10084A7E8 /* SFX_FLY.wav in Resources */,
				108091952D2DAFD10084A7E8 /* SFX_INTRO_WHOOSH.wav in Resources */,
				108091A62D2DB9B30084A7E8 /* File.txt in Resources */,
				108091962D2DAFD10084A7E8 /* SFX_LEVEL_UP.wav in Resources */,
				108091972D2DAFD10084A7E8 /* SFX_INTRO_HOP.wav in Resources */,
				108091982D2DAFD10084A7E8 /* MUSIC_TURN_OFF_PC.wav in Resources */,
				108091992D2DAFD10084A7E8 /* SFX_FAINT_THUD.wav in Resources */,
				1080919A2D2DAFD10084A7E8 /* SFX_CRY_0B.wav in Resources */,
				1080919B2D2DAFD10084A7E8 /* SFX_INTRO_RAISE.wav in Resources */,
				1080919C2D2DAFD10084A7E8 /* SFX_SNARE_1.wav in Resources */,
				1080919D2D2DAFD10084A7E8 /* SFX_BALL_TOSS.wav in Resources */,
				1080919E2D2DAFD10084A7E8 /* MUSIC_GET_KEY_ITEM.wav in Resources */,
				90FDF31B27DC252200F627BE /* PKMN_RBYGSC.ttf in Resources */,
				9020A1BF27DC088100DEBD79 /* Preview Assets.xcassets in Resources */,
				9020A1BC27DC088100DEBD79 /* Assets.xcassets in Resources */,
			);
			runOnlyForDeploymentPostprocessing = 0;
		};
/* End PBXResourcesBuildPhase section */

/* Begin PBXShellScriptBuildPhase section */
		9D07FED51A9FDCB9F8053832 /* [CP] Check Pods Manifest.lock */ = {
			isa = PBXShellScriptBuildPhase;
			buildActionMask = 2147483647;
			files = (
			);
			inputFileListPaths = (
			);
			inputPaths = (
				"${PODS_PODFILE_DIR_PATH}/Podfile.lock",
				"${PODS_ROOT}/Manifest.lock",
			);
			name = "[CP] Check Pods Manifest.lock";
			outputFileListPaths = (
			);
			outputPaths = (
				"$(DERIVED_FILE_DIR)/Pods-partymon-checkManifestLockResult.txt",
			);
			runOnlyForDeploymentPostprocessing = 0;
			shellPath = /bin/sh;
			shellScript = "diff \"${PODS_PODFILE_DIR_PATH}/Podfile.lock\" \"${PODS_ROOT}/Manifest.lock\" > /dev/null\nif [ $? != 0 ] ; then\n    # print error to STDERR\n    echo \"error: The sandbox is not in sync with the Podfile.lock. Run 'pod install' or update your CocoaPods installation.\" >&2\n    exit 1\nfi\n# This output is used by Xcode 'outputs' to avoid re-running this script phase.\necho \"SUCCESS\" > \"${SCRIPT_OUTPUT_FILE_0}\"\n";
			showEnvVarsInLog = 0;
		};
		E5EA27586E7545796583DDE6 /* [CP] Embed Pods Frameworks */ = {
			isa = PBXShellScriptBuildPhase;
			buildActionMask = 2147483647;
			files = (
			);
			inputFileListPaths = (
				"${PODS_ROOT}/Target Support Files/Pods-partymon/Pods-partymon-frameworks-${CONFIGURATION}-input-files.xcfilelist",
			);
			name = "[CP] Embed Pods Frameworks";
			outputFileListPaths = (
				"${PODS_ROOT}/Target Support Files/Pods-partymon/Pods-partymon-frameworks-${CONFIGURATION}-output-files.xcfilelist",
			);
			runOnlyForDeploymentPostprocessing = 0;
			shellPath = /bin/sh;
			shellScript = "\"${PODS_ROOT}/Target Support Files/Pods-partymon/Pods-partymon-frameworks.sh\"\n";
			showEnvVarsInLog = 0;
		};
/* End PBXShellScriptBuildPhase section */

/* Begin PBXSourcesBuildPhase section */
		9020A1B027DC088000DEBD79 /* Sources */ = {
			isa = PBXSourcesBuildPhase;
			buildActionMask = 2147483647;
			files = (
				90FDF33C27DC614500F627BE /* InvestorItem.swift in Sources */,
				900FD61A27DEAB2B006F9C3C /* Intro.swift in Sources */,
				90ECC76127FBE5ED00D470E5 /* User.swift in Sources */,
				900FD61827DEAAB9006F9C3C /* Start.swift in Sources */,
				900FD62627DEAEC8006F9C3C /* NewInvestor.swift in Sources */,
				90FDF33127DC484400F627BE /* Store.swift in Sources */,
				900FD61C27DEAB68006F9C3C /* Battles.swift in Sources */,
				90FBE4B527DEDA4100191E8D /* FontManager.swift in Sources */,
				9020A1BA27DC088000DEBD79 /* ContentView.swift in Sources */,
				90ECC75D27FBCA1100D470E5 /* LoadingView.swift in Sources */,
				900FD62A27DEAF81006F9C3C /* InvestDex.swift in Sources */,
				90ECC75F27FBD00200D470E5 /* Loading.swift in Sources */,
				90FDF34127DD0CFE00F627BE /* AnimatedText.swift in Sources */,
				90F19D4D27DD212800144521 /* CapTableView.swift in Sources */,
				90F19D4F27DD22ED00144521 /* RestartView.swift in Sources */,
				90F19D5127DD276000144521 /* MenuView.swift in Sources */,
				90ECC76527FD3D7700D470E5 /* CompletedView.swift in Sources */,
				9020A1C727DC0D0700DEBD79 /* ColorManager.swift in Sources */,
				90FDF32127DC2F4600F627BE /* GameboyButton.swift in Sources */,
				90ECC76927FD3F1500D470E5 /* ConfettiSwiftUI.swift in Sources */,
				90FDF33A27DC565300F627BE /* Share.swift in Sources */,
				9020A1B827DC088000DEBD79 /* partymonApp.swift in Sources */,
				90FDF32A27DC423400F627BE /* StartView.swift in Sources */,
				9020A1D427DC1F4E00DEBD79 /* Extensions.swift in Sources */,
				900FD60827DD41CA006F9C3C /* BattleIntro.swift in Sources */,
				90ECC76F27FD3F1C00D470E5 /* Triangle.swift in Sources */,
				900FD60F27DDB2F1006F9C3C /* NewInvestorView.swift in Sources */,
				9020A1D127DC1B4B00DEBD79 /* GameboyControls.swift in Sources */,
				900FD62827DEAF42006F9C3C /* InvestorDetail.swift in Sources */,
				900FD62427DEADA2006F9C3C /* CapTable.swift in Sources */,
				900FD61127DEA059006F9C3C /* InvestorDetailView.swift in Sources */,
				900FD62027DEAD3F006F9C3C /* Progress.swift in Sources */,
				9020A1D627DC1F7B00DEBD79 /* LayoutManager.swift in Sources */,
				900FD61327DEA3B9006F9C3C /* GetRarityColor.swift in Sources */,
				9020A1CF27DC1A8100DEBD79 /* GameboyView.swift in Sources */,
				90F19D5327DD2C0700144521 /* ProgressView.swift in Sources */,
				900FD60627DD3FEE006F9C3C /* BattleView.swift in Sources */,
				90FDF32F27DC44AC00F627BE /* GameButton.swift in Sources */,
				90FDF33827DC4F3400F627BE /* InvestDexView.swift in Sources */,
				900FD62227DEAD5E006F9C3C /* Restart.swift in Sources */,
				90FDF32C27DC42B600F627BE /* GameplayView.swift in Sources */,
				900FD60B27DD41F6006F9C3C /* Battle.swift in Sources */,
				90ECC76327FD3D2200D470E5 /* Completed.swift in Sources */,
				900FD61E27DEAD23006F9C3C /* Menu.swift in Sources */,
				90ECC76B27FD3F1800D470E5 /* RoundedCross.swift in Sources */,
				90FDF33427DC48AF00F627BE /* State.swift in Sources */,
				90FDF33E27DC660700F627BE /* InvestorModel.swift in Sources */,
				900FD60D27DD4CC5006F9C3C /* Actions.swift in Sources */,
				9020A1CB27DC153B00DEBD79 /* ColorGrid.swift in Sources */,
				90ECC76D27FD3F1A00D470E5 /* SlimRectangle.swift in Sources */,
				9020A1CD27DC1A3100DEBD79 /* BackgroundView.swift in Sources */,
				90FDF32327DC327000F627BE /* GameboyNumpad.swift in Sources */,
				10808E842D2DACCD0084A7E8 /* AudioPlayerViewModel.swift in Sources */,
				90FDF33627DC4EF900F627BE /* IntroView.swift in Sources */,
			);
			runOnlyForDeploymentPostprocessing = 0;
		};
/* End PBXSourcesBuildPhase section */

/* Begin XCBuildConfiguration section */
		9020A1C027DC088100DEBD79 /* Debug */ = {
			isa = XCBuildConfiguration;
			buildSettings = {
				ALWAYS_SEARCH_USER_PATHS = NO;
				CLANG_ANALYZER_NONNULL = YES;
				CLANG_ANALYZER_NUMBER_OBJECT_CONVERSION = YES_AGGRESSIVE;
				CLANG_CXX_LANGUAGE_STANDARD = "gnu++17";
				CLANG_CXX_LIBRARY = "libc++";
				CLANG_ENABLE_MODULES = YES;
				CLANG_ENABLE_OBJC_ARC = YES;
				CLANG_ENABLE_OBJC_WEAK = YES;
				CLANG_WARN_BLOCK_CAPTURE_AUTORELEASING = YES;
				CLANG_WARN_BOOL_CONVERSION = YES;
				CLANG_WARN_COMMA = YES;
				CLANG_WARN_CONSTANT_CONVERSION = YES;
				CLANG_WARN_DEPRECATED_OBJC_IMPLEMENTATIONS = YES;
				CLANG_WARN_DIRECT_OBJC_ISA_USAGE = YES_ERROR;
				CLANG_WARN_DOCUMENTATION_COMMENTS = YES;
				CLANG_WARN_EMPTY_BODY = YES;
				CLANG_WARN_ENUM_CONVERSION = YES;
				CLANG_WARN_INFINITE_RECURSION = YES;
				CLANG_WARN_INT_CONVERSION = YES;
				CLANG_WARN_NON_LITERAL_NULL_CONVERSION = YES;
				CLANG_WARN_OBJC_IMPLICIT_RETAIN_SELF = YES;
				CLANG_WARN_OBJC_LITERAL_CONVERSION = YES;
				CLANG_WARN_OBJC_ROOT_CLASS = YES_ERROR;
				CLANG_WARN_QUOTED_INCLUDE_IN_FRAMEWORK_HEADER = YES;
				CLANG_WARN_RANGE_LOOP_ANALYSIS = YES;
				CLANG_WARN_STRICT_PROTOTYPES = YES;
				CLANG_WARN_SUSPICIOUS_MOVE = YES;
				CLANG_WARN_UNGUARDED_AVAILABILITY = YES_AGGRESSIVE;
				CLANG_WARN_UNREACHABLE_CODE = YES;
				CLANG_WARN__DUPLICATE_METHOD_MATCH = YES;
				COPY_PHASE_STRIP = NO;
				DEBUG_INFORMATION_FORMAT = dwarf;
				ENABLE_STRICT_OBJC_MSGSEND = YES;
				ENABLE_TESTABILITY = YES;
				GCC_C_LANGUAGE_STANDARD = gnu11;
				GCC_DYNAMIC_NO_PIC = NO;
				GCC_NO_COMMON_BLOCKS = YES;
				GCC_OPTIMIZATION_LEVEL = 0;
				GCC_PREPROCESSOR_DEFINITIONS = (
					"DEBUG=1",
					"$(inherited)",
				);
				GCC_WARN_64_TO_32_BIT_CONVERSION = YES;
				GCC_WARN_ABOUT_RETURN_TYPE = YES_ERROR;
				GCC_WARN_UNDECLARED_SELECTOR = YES;
				GCC_WARN_UNINITIALIZED_AUTOS = YES_AGGRESSIVE;
				GCC_WARN_UNUSED_FUNCTION = YES;
				GCC_WARN_UNUSED_VARIABLE = YES;
				IPHONEOS_DEPLOYMENT_TARGET = 15.0;
				MTL_ENABLE_DEBUG_INFO = INCLUDE_SOURCE;
				MTL_FAST_MATH = YES;
				ONLY_ACTIVE_ARCH = YES;
				SDKROOT = iphoneos;
				SWIFT_ACTIVE_COMPILATION_CONDITIONS = DEBUG;
				SWIFT_OPTIMIZATION_LEVEL = "-Onone";
			};
			name = Debug;
		};
		9020A1C127DC088100DEBD79 /* Release */ = {
			isa = XCBuildConfiguration;
			buildSettings = {
				ALWAYS_SEARCH_USER_PATHS = NO;
				CLANG_ANALYZER_NONNULL = YES;
				CLANG_ANALYZER_NUMBER_OBJECT_CONVERSION = YES_AGGRESSIVE;
				CLANG_CXX_LANGUAGE_STANDARD = "gnu++17";
				CLANG_CXX_LIBRARY = "libc++";
				CLANG_ENABLE_MODULES = YES;
				CLANG_ENABLE_OBJC_ARC = YES;
				CLANG_ENABLE_OBJC_WEAK = YES;
				CLANG_WARN_BLOCK_CAPTURE_AUTORELEASING = YES;
				CLANG_WARN_BOOL_CONVERSION = YES;
				CLANG_WARN_COMMA = YES;
				CLANG_WARN_CONSTANT_CONVERSION = YES;
				CLANG_WARN_DEPRECATED_OBJC_IMPLEMENTATIONS = YES;
				CLANG_WARN_DIRECT_OBJC_ISA_USAGE = YES_ERROR;
				CLANG_WARN_DOCUMENTATION_COMMENTS = YES;
				CLANG_WARN_EMPTY_BODY = YES;
				CLANG_WARN_ENUM_CONVERSION = YES;
				CLANG_WARN_INFINITE_RECURSION = YES;
				CLANG_WARN_INT_CONVERSION = YES;
				CLANG_WARN_NON_LITERAL_NULL_CONVERSION = YES;
				CLANG_WARN_OBJC_IMPLICIT_RETAIN_SELF = YES;
				CLANG_WARN_OBJC_LITERAL_CONVERSION = YES;
				CLANG_WARN_OBJC_ROOT_CLASS = YES_ERROR;
				CLANG_WARN_QUOTED_INCLUDE_IN_FRAMEWORK_HEADER = YES;
				CLANG_WARN_RANGE_LOOP_ANALYSIS = YES;
				CLANG_WARN_STRICT_PROTOTYPES = YES;
				CLANG_WARN_SUSPICIOUS_MOVE = YES;
				CLANG_WARN_UNGUARDED_AVAILABILITY = YES_AGGRESSIVE;
				CLANG_WARN_UNREACHABLE_CODE = YES;
				CLANG_WARN__DUPLICATE_METHOD_MATCH = YES;
				COPY_PHASE_STRIP = NO;
				DEBUG_INFORMATION_FORMAT = "dwarf-with-dsym";
				ENABLE_NS_ASSERTIONS = NO;
				ENABLE_STRICT_OBJC_MSGSEND = YES;
				GCC_C_LANGUAGE_STANDARD = gnu11;
				GCC_NO_COMMON_BLOCKS = YES;
				GCC_WARN_64_TO_32_BIT_CONVERSION = YES;
				GCC_WARN_ABOUT_RETURN_TYPE = YES_ERROR;
				GCC_WARN_UNDECLARED_SELECTOR = YES;
				GCC_WARN_UNINITIALIZED_AUTOS = YES_AGGRESSIVE;
				GCC_WARN_UNUSED_FUNCTION = YES;
				GCC_WARN_UNUSED_VARIABLE = YES;
				IPHONEOS_DEPLOYMENT_TARGET = 15.0;
				MTL_ENABLE_DEBUG_INFO = NO;
				MTL_FAST_MATH = YES;
				SDKROOT = iphoneos;
				SWIFT_COMPILATION_MODE = wholemodule;
				SWIFT_OPTIMIZATION_LEVEL = "-O";
				VALIDATE_PRODUCT = YES;
			};
			name = Release;
		};
		9020A1C327DC088100DEBD79 /* Debug */ = {
			isa = XCBuildConfiguration;
			baseConfigurationReference = 82F0E01C830A4AE5CD7F3CFB /* Pods-partymon.debug.xcconfig */;
			buildSettings = {
				ASSETCATALOG_COMPILER_APPICON_NAME = AppIcon;
				ASSETCATALOG_COMPILER_GLOBAL_ACCENT_COLOR_NAME = AccentColor;
				CODE_SIGN_STYLE = Automatic;
				CURRENT_PROJECT_VERSION = 3;
				DEVELOPMENT_ASSET_PATHS = "\"partymon/Preview Content\"";
				DEVELOPMENT_TEAM = HE452HL4WS;
				ENABLE_PREVIEWS = YES;
				GENERATE_INFOPLIST_FILE = YES;
				INFOPLIST_FILE = partymon/Info.plist;
				INFOPLIST_KEY_CFBundleDisplayName = "Join the Party";
				INFOPLIST_KEY_UIApplicationSceneManifest_Generation = YES;
				INFOPLIST_KEY_UIApplicationSupportsIndirectInputEvents = YES;
				INFOPLIST_KEY_UILaunchScreen_Generation = YES;
				INFOPLIST_KEY_UISupportedInterfaceOrientations_iPad = "UIInterfaceOrientationPortrait UIInterfaceOrientationPortraitUpsideDown UIInterfaceOrientationLandscapeLeft UIInterfaceOrientationLandscapeRight";
				INFOPLIST_KEY_UISupportedInterfaceOrientations_iPhone = "UIInterfaceOrientationPortrait UIInterfaceOrientationLandscapeLeft UIInterfaceOrientationLandscapeRight";
				IPHONEOS_DEPLOYMENT_TARGET = 15.0;
				LD_RUNPATH_SEARCH_PATHS = (
					"$(inherited)",
					"@executable_path/Frameworks",
				);
				MARKETING_VERSION = 1.2;
				PRODUCT_BUNDLE_IDENTIFIER = com.tylerj.partymon;
				PRODUCT_NAME = "$(TARGET_NAME)";
				SWIFT_EMIT_LOC_STRINGS = YES;
				SWIFT_VERSION = 5.0;
				TARGETED_DEVICE_FAMILY = 1;
			};
			name = Debug;
		};
		9020A1C427DC088100DEBD79 /* Release */ = {
			isa = XCBuildConfiguration;
			baseConfigurationReference = 0F1205C979B2E6FF326B1C48 /* Pods-partymon.release.xcconfig */;
			buildSettings = {
				ASSETCATALOG_COMPILER_APPICON_NAME = AppIcon;
				ASSETCATALOG_COMPILER_GLOBAL_ACCENT_COLOR_NAME = AccentColor;
				CODE_SIGN_STYLE = Automatic;
				CURRENT_PROJECT_VERSION = 3;
				DEVELOPMENT_ASSET_PATHS = "\"partymon/Preview Content\"";
				DEVELOPMENT_TEAM = HE452HL4WS;
				ENABLE_PREVIEWS = YES;
				GENERATE_INFOPLIST_FILE = YES;
				INFOPLIST_FILE = partymon/Info.plist;
				INFOPLIST_KEY_CFBundleDisplayName = "Join the Party";
				INFOPLIST_KEY_UIApplicationSceneManifest_Generation = YES;
				INFOPLIST_KEY_UIApplicationSupportsIndirectInputEvents = YES;
				INFOPLIST_KEY_UILaunchScreen_Generation = YES;
				INFOPLIST_KEY_UISupportedInterfaceOrientations_iPad = "UIInterfaceOrientationPortrait UIInterfaceOrientationPortraitUpsideDown UIInterfaceOrientationLandscapeLeft UIInterfaceOrientationLandscapeRight";
				INFOPLIST_KEY_UISupportedInterfaceOrientations_iPhone = "UIInterfaceOrientationPortrait UIInterfaceOrientationLandscapeLeft UIInterfaceOrientationLandscapeRight";
				IPHONEOS_DEPLOYMENT_TARGET = 15.0;
				LD_RUNPATH_SEARCH_PATHS = (
					"$(inherited)",
					"@executable_path/Frameworks",
				);
				MARKETING_VERSION = 1.2;
				PRODUCT_BUNDLE_IDENTIFIER = com.tylerj.partymon;
				PRODUCT_NAME = "$(TARGET_NAME)";
				SWIFT_EMIT_LOC_STRINGS = YES;
				SWIFT_VERSION = 5.0;
				TARGETED_DEVICE_FAMILY = 1;
			};
			name = Release;
		};
/* End XCBuildConfiguration section */

/* Begin XCConfigurationList section */
		9020A1AF27DC088000DEBD79 /* Build configuration list for PBXProject "InvestDex" */ = {
			isa = XCConfigurationList;
			buildConfigurations = (
				9020A1C027DC088100DEBD79 /* Debug */,
				9020A1C127DC088100DEBD79 /* Release */,
			);
			defaultConfigurationIsVisible = 0;
			defaultConfigurationName = Release;
		};
		9020A1C227DC088100DEBD79 /* Build configuration list for PBXNativeTarget "partymon" */ = {
			isa = XCConfigurationList;
			buildConfigurations = (
				9020A1C327DC088100DEBD79 /* Debug */,
				9020A1C427DC088100DEBD79 /* Release */,
			);
			defaultConfigurationIsVisible = 0;
			defaultConfigurationName = Release;
		};
/* End XCConfigurationList section */
	};
	rootObject = 9020A1AC27DC088000DEBD79 /* Project object */;
}
